// !$*UTF8*$!
{
	archiveVersion = 1;
	classes = {
	};
	objectVersion = 46;
	objects = {

/* Begin PBXBuildFile section */
		092AA7781B3B918D00B88F23 /* main.m in Sources */ = {isa = PBXBuildFile; fileRef = 092AA7771B3B918D00B88F23 /* main.m */; };
		092AA7831B3B918D00B88F23 /* Images.xcassets in Resources */ = {isa = PBXBuildFile; fileRef = 092AA7821B3B918D00B88F23 /* Images.xcassets */; };
		092AA7861B3B918D00B88F23 /* LaunchScreen.xib in Resources */ = {isa = PBXBuildFile; fileRef = 092AA7841B3B918D00B88F23 /* LaunchScreen.xib */; };
		092AA7921B3B918D00B88F23 /* Hi__Tests.m in Sources */ = {isa = PBXBuildFile; fileRef = 092AA7911B3B918D00B88F23 /* Hi__Tests.m */; };
		092AA7C21B3B99D100B88F23 /* AppDelegate.m in Sources */ = {isa = PBXBuildFile; fileRef = 092AA7C11B3B99D100B88F23 /* AppDelegate.m */; };
		092AA7C71B3B9BE500B88F23 /* BasicViewController.m in Sources */ = {isa = PBXBuildFile; fileRef = 092AA7C61B3B9BE500B88F23 /* BasicViewController.m */; };
		094E162C1B4272B600C05CB2 /* guowai.png in Resources */ = {isa = PBXBuildFile; fileRef = 094E16291B4272B600C05CB2 /* guowai.png */; };
		094E162D1B4272B600C05CB2 /* guonei.png in Resources */ = {isa = PBXBuildFile; fileRef = 094E162A1B4272B600C05CB2 /* guonei.png */; };
		094E16301B42731900C05CB2 /* quanbu.png in Resources */ = {isa = PBXBuildFile; fileRef = 094E162F1B42731900C05CB2 /* quanbu.png */; };
		094E16581B4298DC00C05CB2 /* UMSocialLocalizable.strings in Resources */ = {isa = PBXBuildFile; fileRef = 094E16321B4298DC00C05CB2 /* UMSocialLocalizable.strings */; };
		094E16591B4298DC00C05CB2 /* libUMSocial_Sdk_4.2.3.a in Frameworks */ = {isa = PBXBuildFile; fileRef = 094E16401B4298DC00C05CB2 /* libUMSocial_Sdk_4.2.3.a */; };
		094E165A1B4298DC00C05CB2 /* UMSCommentDetailController.xib in Resources */ = {isa = PBXBuildFile; fileRef = 094E16421B4298DC00C05CB2 /* UMSCommentDetailController.xib */; };
		094E165B1B4298DC00C05CB2 /* UMSCommentInputController.xib in Resources */ = {isa = PBXBuildFile; fileRef = 094E16431B4298DC00C05CB2 /* UMSCommentInputController.xib */; };
		094E165C1B4298DC00C05CB2 /* UMSCommentInputControlleriPad.xib in Resources */ = {isa = PBXBuildFile; fileRef = 094E16441B4298DC00C05CB2 /* UMSCommentInputControlleriPad.xib */; };
		094E165D1B4298DC00C05CB2 /* UMShareEditViewController.xib in Resources */ = {isa = PBXBuildFile; fileRef = 094E16451B4298DC00C05CB2 /* UMShareEditViewController.xib */; };
		094E165E1B4298DC00C05CB2 /* UMShareEditViewControlleriPad.xib in Resources */ = {isa = PBXBuildFile; fileRef = 094E16461B4298DC00C05CB2 /* UMShareEditViewControlleriPad.xib */; };
		094E165F1B4298DC00C05CB2 /* UMSLoginViewController.xib in Resources */ = {isa = PBXBuildFile; fileRef = 094E16471B4298DC00C05CB2 /* UMSLoginViewController.xib */; };
		094E16601B4298DC00C05CB2 /* UMSnsAccountViewController.xib in Resources */ = {isa = PBXBuildFile; fileRef = 094E16481B4298DC00C05CB2 /* UMSnsAccountViewController.xib */; };
		094E16611B4298DC00C05CB2 /* UMSShareListController.xib in Resources */ = {isa = PBXBuildFile; fileRef = 094E16491B4298DC00C05CB2 /* UMSShareListController.xib */; };
		094E16621B4298DC00C05CB2 /* UMSocialSDKResourcesNew.bundle in Resources */ = {isa = PBXBuildFile; fileRef = 094E164A1B4298DC00C05CB2 /* UMSocialSDKResourcesNew.bundle */; };
		094E16631B4298DC00C05CB2 /* libSocialQQ.a in Frameworks */ = {isa = PBXBuildFile; fileRef = 094E164E1B4298DC00C05CB2 /* libSocialQQ.a */; };
		094E16641B4298DC00C05CB2 /* TencentOpenAPI.framework in Frameworks */ = {isa = PBXBuildFile; fileRef = 094E164F1B4298DC00C05CB2 /* TencentOpenAPI.framework */; };
		094E16651B4298DC00C05CB2 /* TencentOpenApi_IOS_Bundle.bundle in Resources */ = {isa = PBXBuildFile; fileRef = 094E16501B4298DC00C05CB2 /* TencentOpenApi_IOS_Bundle.bundle */; };
		094E16661B4298DC00C05CB2 /* libSocialWechat.a in Frameworks */ = {isa = PBXBuildFile; fileRef = 094E16531B4298DC00C05CB2 /* libSocialWechat.a */; };
		094E16671B4298DD00C05CB2 /* libWeChatSDK.a in Frameworks */ = {isa = PBXBuildFile; fileRef = 094E16541B4298DC00C05CB2 /* libWeChatSDK.a */; };
		096DA8551B3E2E9600925F62 /* EvaluateView.m in Sources */ = {isa = PBXBuildFile; fileRef = 096DA8541B3E2E9600925F62 /* EvaluateView.m */; };
		096DA8591B3E327B00925F62 /* star_2.png in Resources */ = {isa = PBXBuildFile; fileRef = 096DA8561B3E327B00925F62 /* star_2.png */; };
		096DA85A1B3E327B00925F62 /* star_0.png in Resources */ = {isa = PBXBuildFile; fileRef = 096DA8571B3E327B00925F62 /* star_0.png */; };
		096DA85B1B3E327B00925F62 /* star_1.png in Resources */ = {isa = PBXBuildFile; fileRef = 096DA8581B3E327B00925F62 /* star_1.png */; };
		096DA87A1B3E4B8E00925F62 /* fruit_jia.png in Resources */ = {isa = PBXBuildFile; fileRef = 096DA8781B3E4B8E00925F62 /* fruit_jia.png */; };
		096DA87B1B3E4B8E00925F62 /* fruit_jian.png in Resources */ = {isa = PBXBuildFile; fileRef = 096DA8791B3E4B8E00925F62 /* fruit_jian.png */; };
		096DA8851B3E4E6C00925F62 /* EatForFreeController.m in Sources */ = {isa = PBXBuildFile; fileRef = 096DA8821B3E4E6C00925F62 /* EatForFreeController.m */; };
		096DA8881B3F9FA300925F62 /* FruitNameAndPrice.m in Sources */ = {isa = PBXBuildFile; fileRef = 096DA8871B3F9FA300925F62 /* FruitNameAndPrice.m */; };
		096DA88D1B3FA6E700925F62 /* FruitDetailsCustomCell.m in Sources */ = {isa = PBXBuildFile; fileRef = 096DA88C1B3FA6E700925F62 /* FruitDetailsCustomCell.m */; };
		096DA8901B3FEFCA00925F62 /* CustomSeparator.m in Sources */ = {isa = PBXBuildFile; fileRef = 096DA88F1B3FEFCA00925F62 /* CustomSeparator.m */; };
		096DA8931B40194F00925F62 /* EatRules.m in Sources */ = {isa = PBXBuildFile; fileRef = 096DA8921B40194F00925F62 /* EatRules.m */; };
		096DA8961B40366D00925F62 /* EatView.m in Sources */ = {isa = PBXBuildFile; fileRef = 096DA8951B40366D00925F62 /* EatView.m */; };
		096F9C5E1B3D2798007CE994 /* FruitDetailsTableView.m in Sources */ = {isa = PBXBuildFile; fileRef = 096F9C5D1B3D2798007CE994 /* FruitDetailsTableView.m */; };
		096F9C611B3D2CAB007CE994 /* ShopToolbar.m in Sources */ = {isa = PBXBuildFile; fileRef = 096F9C601B3D2CAB007CE994 /* ShopToolbar.m */; };
		096F9C6A1B3D4D35007CE994 /* DetailsScrollView.m in Sources */ = {isa = PBXBuildFile; fileRef = 096F9C691B3D4D35007CE994 /* DetailsScrollView.m */; };
		096F9C6D1B3D5627007CE994 /* FruitNumberPicker.m in Sources */ = {isa = PBXBuildFile; fileRef = 096F9C6C1B3D5627007CE994 /* FruitNumberPicker.m */; };
		097A0E711B414B5D00E860B9 /* AFHTTPRequestOperation.m in Sources */ = {isa = PBXBuildFile; fileRef = 097A0E5F1B414B5D00E860B9 /* AFHTTPRequestOperation.m */; };
		097A0E721B414B5D00E860B9 /* AFHTTPRequestOperationManager.m in Sources */ = {isa = PBXBuildFile; fileRef = 097A0E611B414B5D00E860B9 /* AFHTTPRequestOperationManager.m */; };
		097A0E731B414B5D00E860B9 /* AFHTTPSessionManager.m in Sources */ = {isa = PBXBuildFile; fileRef = 097A0E631B414B5D00E860B9 /* AFHTTPSessionManager.m */; };
		097A0E741B414B5D00E860B9 /* AFNetworkReachabilityManager.m in Sources */ = {isa = PBXBuildFile; fileRef = 097A0E661B414B5D00E860B9 /* AFNetworkReachabilityManager.m */; };
		097A0E751B414B5D00E860B9 /* AFSecurityPolicy.m in Sources */ = {isa = PBXBuildFile; fileRef = 097A0E681B414B5D00E860B9 /* AFSecurityPolicy.m */; };
		097A0E761B414B5D00E860B9 /* AFURLConnectionOperation.m in Sources */ = {isa = PBXBuildFile; fileRef = 097A0E6A1B414B5D00E860B9 /* AFURLConnectionOperation.m */; };
		097A0E771B414B5D00E860B9 /* AFURLRequestSerialization.m in Sources */ = {isa = PBXBuildFile; fileRef = 097A0E6C1B414B5D00E860B9 /* AFURLRequestSerialization.m */; };
		097A0E781B414B5D00E860B9 /* AFURLResponseSerialization.m in Sources */ = {isa = PBXBuildFile; fileRef = 097A0E6E1B414B5D00E860B9 /* AFURLResponseSerialization.m */; };
		097A0E791B414B5D00E860B9 /* AFURLSessionManager.m in Sources */ = {isa = PBXBuildFile; fileRef = 097A0E701B414B5D00E860B9 /* AFURLSessionManager.m */; };
		097A0EC41B414B7600E860B9 /* NSData+ImageContentType.m in Sources */ = {isa = PBXBuildFile; fileRef = 097A0EA81B414B7600E860B9 /* NSData+ImageContentType.m */; };
		097A0EC51B414B7600E860B9 /* SDImageCache.m in Sources */ = {isa = PBXBuildFile; fileRef = 097A0EAA1B414B7600E860B9 /* SDImageCache.m */; };
		097A0EC61B414B7600E860B9 /* SDWebImageCompat.m in Sources */ = {isa = PBXBuildFile; fileRef = 097A0EAC1B414B7600E860B9 /* SDWebImageCompat.m */; };
		097A0EC71B414B7600E860B9 /* SDWebImageDecoder.m in Sources */ = {isa = PBXBuildFile; fileRef = 097A0EAE1B414B7600E860B9 /* SDWebImageDecoder.m */; };
		097A0EC81B414B7600E860B9 /* SDWebImageDownloader.m in Sources */ = {isa = PBXBuildFile; fileRef = 097A0EB01B414B7600E860B9 /* SDWebImageDownloader.m */; };
		097A0EC91B414B7600E860B9 /* SDWebImageDownloaderOperation.m in Sources */ = {isa = PBXBuildFile; fileRef = 097A0EB21B414B7600E860B9 /* SDWebImageDownloaderOperation.m */; };
		097A0ECA1B414B7600E860B9 /* SDWebImageManager.m in Sources */ = {isa = PBXBuildFile; fileRef = 097A0EB41B414B7600E860B9 /* SDWebImageManager.m */; };
		097A0ECB1B414B7600E860B9 /* SDWebImagePrefetcher.m in Sources */ = {isa = PBXBuildFile; fileRef = 097A0EB71B414B7600E860B9 /* SDWebImagePrefetcher.m */; };
		097A0ECC1B414B7600E860B9 /* UIButton+WebCache.m in Sources */ = {isa = PBXBuildFile; fileRef = 097A0EB91B414B7600E860B9 /* UIButton+WebCache.m */; };
		097A0ECD1B414B7600E860B9 /* UIImage+GIF.m in Sources */ = {isa = PBXBuildFile; fileRef = 097A0EBB1B414B7600E860B9 /* UIImage+GIF.m */; };
		097A0ECE1B414B7600E860B9 /* UIImage+MultiFormat.m in Sources */ = {isa = PBXBuildFile; fileRef = 097A0EBD1B414B7600E860B9 /* UIImage+MultiFormat.m */; };
		097A0ECF1B414B7600E860B9 /* UIImageView+HighlightedWebCache.m in Sources */ = {isa = PBXBuildFile; fileRef = 097A0EBF1B414B7600E860B9 /* UIImageView+HighlightedWebCache.m */; };
		097A0ED01B414B7600E860B9 /* UIImageView+WebCache.m in Sources */ = {isa = PBXBuildFile; fileRef = 097A0EC11B414B7600E860B9 /* UIImageView+WebCache.m */; };
		097A0ED11B414B7600E860B9 /* UIView+WebCacheOperation.m in Sources */ = {isa = PBXBuildFile; fileRef = 097A0EC31B414B7600E860B9 /* UIView+WebCacheOperation.m */; };
		097A0ED41B41502B00E860B9 /* CategoryModel.m in Sources */ = {isa = PBXBuildFile; fileRef = 097A0ED31B41502B00E860B9 /* CategoryModel.m */; };
		097A0ED71B415F8A00E860B9 /* Model.m in Sources */ = {isa = PBXBuildFile; fileRef = 097A0ED61B415F8A00E860B9 /* Model.m */; };
		097A0EFB1B42251900E860B9 /* ShoppingCartController.m in Sources */ = {isa = PBXBuildFile; fileRef = 097A0EE21B42251900E860B9 /* ShoppingCartController.m */; };
		097A0EFD1B42251900E860B9 /* CartCell.m in Sources */ = {isa = PBXBuildFile; fileRef = 097A0EE81B42251900E860B9 /* CartCell.m */; };
		097A0EFE1B42251900E860B9 /* PersonalController.m in Sources */ = {isa = PBXBuildFile; fileRef = 097A0EEC1B42251900E860B9 /* PersonalController.m */; };
		097A0EFF1B42251900E860B9 /* SettingController.m in Sources */ = {isa = PBXBuildFile; fileRef = 097A0EEE1B42251900E860B9 /* SettingController.m */; };
		097A0F001B42251900E860B9 /* LoginController.m in Sources */ = {isa = PBXBuildFile; fileRef = 097A0EF41B42251900E860B9 /* LoginController.m */; };
		097A0F011B42251900E860B9 /* MyGardenCell.m in Sources */ = {isa = PBXBuildFile; fileRef = 097A0EF81B42251900E860B9 /* MyGardenCell.m */; };
		097A0F021B42251900E860B9 /* MyGardenView.m in Sources */ = {isa = PBXBuildFile; fileRef = 097A0EFA1B42251900E860B9 /* MyGardenView.m */; };
		097A81E81B3BA6B000D59370 /* search_menu.png in Resources */ = {isa = PBXBuildFile; fileRef = 097A81E71B3BA6B000D59370 /* search_menu.png */; };
		097A81FF1B3BD04A00D59370 /* HomePageController.m in Sources */ = {isa = PBXBuildFile; fileRef = 097A81FD1B3BD04A00D59370 /* HomePageController.m */; };
		097A82031B3BD15E00D59370 /* ButtonView.m in Sources */ = {isa = PBXBuildFile; fileRef = 097A82021B3BD15E00D59370 /* ButtonView.m */; };
		097A82341B3BD70600D59370 /* SearchBox.m in Sources */ = {isa = PBXBuildFile; fileRef = 097A82091B3BD70600D59370 /* SearchBox.m */; };
		097A82351B3BD70600D59370 /* FruitDetailsController.m in Sources */ = {isa = PBXBuildFile; fileRef = 097A820D1B3BD70600D59370 /* FruitDetailsController.m */; };
		097A82371B3BD70600D59370 /* SearchController.m in Sources */ = {isa = PBXBuildFile; fileRef = 097A82141B3BD70600D59370 /* SearchController.m */; };
		097A823B1B3BD70600D59370 /* CategoryController.m in Sources */ = {isa = PBXBuildFile; fileRef = 097A82221B3BD70600D59370 /* CategoryController.m */; };
		097A82451B3BE5D000D59370 /* HomePageTableView.m in Sources */ = {isa = PBXBuildFile; fileRef = 097A82441B3BE5D000D59370 /* HomePageTableView.m */; };
		097A82481B3BE92400D59370 /* HomePageCustomCell.m in Sources */ = {isa = PBXBuildFile; fileRef = 097A82471B3BE92400D59370 /* HomePageCustomCell.m */; };
		097A824B1B3BFE0C00D59370 /* CarouselView.m in Sources */ = {isa = PBXBuildFile; fileRef = 097A824A1B3BFE0C00D59370 /* CarouselView.m */; };
		097A82551B3C05AF00D59370 /* 1.jpg in Resources */ = {isa = PBXBuildFile; fileRef = 097A82521B3C05AF00D59370 /* 1.jpg */; };
		097A82561B3C05AF00D59370 /* 2.jpg in Resources */ = {isa = PBXBuildFile; fileRef = 097A82531B3C05AF00D59370 /* 2.jpg */; };
		097A82571B3C05AF00D59370 /* 3.jpg in Resources */ = {isa = PBXBuildFile; fileRef = 097A82541B3C05AF00D59370 /* 3.jpg */; };
		097A825A1B3CEAF500D59370 /* CarouselButton.m in Sources */ = {isa = PBXBuildFile; fileRef = 097A82591B3CEAF500D59370 /* CarouselButton.m */; };
		09FFE2971B40CD1A007066C3 /* FruitCategoryTableView.m in Sources */ = {isa = PBXBuildFile; fileRef = 09FFE2961B40CD1A007066C3 /* FruitCategoryTableView.m */; };
		09FFE29A1B40DA81007066C3 /* FruitCategoryCell.m in Sources */ = {isa = PBXBuildFile; fileRef = 09FFE2991B40DA81007066C3 /* FruitCategoryCell.m */; };
		09FFE2A91B40ECD2007066C3 /* jiuzhuan.jpg in Resources */ = {isa = PBXBuildFile; fileRef = 09FFE2A81B40ECD2007066C3 /* jiuzhuan.jpg */; };
		09FFE2B11B40F4C4007066C3 /* Framework.m in Sources */ = {isa = PBXBuildFile; fileRef = 09FFE2AC1B40F4C4007066C3 /* Framework.m */; };
		09FFE2B21B40F4C4007066C3 /* GlobalControl.m in Sources */ = {isa = PBXBuildFile; fileRef = 09FFE2AE1B40F4C4007066C3 /* GlobalControl.m */; };
		09FFE2B61B40F50E007066C3 /* GlobalMethod.m in Sources */ = {isa = PBXBuildFile; fileRef = 09FFE2B51B40F50E007066C3 /* GlobalMethod.m */; };
		09FFE2B91B40F52A007066C3 /* User.m in Sources */ = {isa = PBXBuildFile; fileRef = 09FFE2B81B40F52A007066C3 /* User.m */; };
		09FFE2BC1B40F5A7007066C3 /* HoverButton.m in Sources */ = {isa = PBXBuildFile; fileRef = 09FFE2BB1B40F5A7007066C3 /* HoverButton.m */; };
		09FFE2C21B41230B007066C3 /* CategoryDetailsController.m in Sources */ = {isa = PBXBuildFile; fileRef = 09FFE2C11B41230B007066C3 /* CategoryDetailsController.m */; };
		09FFE2CF1B413450007066C3 /* CategoryDetailsTableView.m in Sources */ = {isa = PBXBuildFile; fileRef = 09FFE2CE1B413450007066C3 /* CategoryDetailsTableView.m */; };
		09FFE2D21B413753007066C3 /* CategoryDetailsCell.m in Sources */ = {isa = PBXBuildFile; fileRef = 09FFE2D11B413753007066C3 /* CategoryDetailsCell.m */; };
		2456A2831B427C5000F49906 /* Fruit.m in Sources */ = {isa = PBXBuildFile; fileRef = 2456A2821B427C5000F49906 /* Fruit.m */; };
		2456A2851B4292FD00F49906 /* placeholder.jpg in Resources */ = {isa = PBXBuildFile; fileRef = 2456A2841B4292FD00F49906 /* placeholder.jpg */; };
		2456A2881B4298CC00F49906 /* CartTableView.m in Sources */ = {isa = PBXBuildFile; fileRef = 2456A2871B4298CC00F49906 /* CartTableView.m */; };
		2456A28B1B42AE9400F49906 /* RegisterController.m in Sources */ = {isa = PBXBuildFile; fileRef = 2456A28A1B42AE9400F49906 /* RegisterController.m */; };
		388C74741B3EE7490078AE32 /* bill_normal.png in Resources */ = {isa = PBXBuildFile; fileRef = 388C746D1B3EE7490078AE32 /* bill_normal.png */; };
		388C74751B3EE7490078AE32 /* bill_normal@2x.png in Resources */ = {isa = PBXBuildFile; fileRef = 388C746E1B3EE7490078AE32 /* bill_normal@2x.png */; };
		388C74761B3EE7490078AE32 /* bkImage.jpg in Resources */ = {isa = PBXBuildFile; fileRef = 388C746F1B3EE7490078AE32 /* bkImage.jpg */; };
		388C74771B3EE7490078AE32 /* logo_default.png in Resources */ = {isa = PBXBuildFile; fileRef = 388C74701B3EE7490078AE32 /* logo_default.png */; };
		388C74781B3EE7490078AE32 /* nav_clear_bk.png in Resources */ = {isa = PBXBuildFile; fileRef = 388C74711B3EE7490078AE32 /* nav_clear_bk.png */; };
		388C74791B3EE7490078AE32 /* user_button_normal.png in Resources */ = {isa = PBXBuildFile; fileRef = 388C74721B3EE7490078AE32 /* user_button_normal.png */; };
		388C747A1B3EE7490078AE32 /* user_button_normal@2x.png in Resources */ = {isa = PBXBuildFile; fileRef = 388C74731B3EE7490078AE32 /* user_button_normal@2x.png */; };
		388C74801B3EE7830078AE32 /* FlexibleFrame.m in Sources */ = {isa = PBXBuildFile; fileRef = 388C747D1B3EE7830078AE32 /* FlexibleFrame.m */; };
		388C74811B3EE7830078AE32 /* UIView+Flexible.m in Sources */ = {isa = PBXBuildFile; fileRef = 388C747F1B3EE7830078AE32 /* UIView+Flexible.m */; };
/* End PBXBuildFile section */

/* Begin PBXContainerItemProxy section */
		092AA78C1B3B918D00B88F23 /* PBXContainerItemProxy */ = {
			isa = PBXContainerItemProxy;
			containerPortal = 092AA76A1B3B918D00B88F23 /* Project object */;
			proxyType = 1;
			remoteGlobalIDString = 092AA7711B3B918D00B88F23;
			remoteInfo = "Hi鲜果";
		};
/* End PBXContainerItemProxy section */

/* Begin PBXFileReference section */
		092AA7721B3B918D00B88F23 /* Hi鲜果.app */ = {isa = PBXFileReference; explicitFileType = wrapper.application; includeInIndex = 0; path = "Hi鲜果.app"; sourceTree = BUILT_PRODUCTS_DIR; };
		092AA7761B3B918D00B88F23 /* Info.plist */ = {isa = PBXFileReference; lastKnownFileType = text.plist.xml; path = Info.plist; sourceTree = "<group>"; };
		092AA7771B3B918D00B88F23 /* main.m */ = {isa = PBXFileReference; lastKnownFileType = sourcecode.c.objc; path = main.m; sourceTree = "<group>"; };
		092AA7821B3B918D00B88F23 /* Images.xcassets */ = {isa = PBXFileReference; lastKnownFileType = folder.assetcatalog; path = Images.xcassets; sourceTree = "<group>"; };
		092AA7851B3B918D00B88F23 /* Base */ = {isa = PBXFileReference; lastKnownFileType = file.xib; name = Base; path = Base.lproj/LaunchScreen.xib; sourceTree = "<group>"; };
		092AA78B1B3B918D00B88F23 /* Hi鲜果Tests.xctest */ = {isa = PBXFileReference; explicitFileType = wrapper.cfbundle; includeInIndex = 0; path = "Hi鲜果Tests.xctest"; sourceTree = BUILT_PRODUCTS_DIR; };
		092AA7901B3B918D00B88F23 /* Info.plist */ = {isa = PBXFileReference; lastKnownFileType = text.plist.xml; path = Info.plist; sourceTree = "<group>"; };
		092AA7911B3B918D00B88F23 /* Hi__Tests.m */ = {isa = PBXFileReference; lastKnownFileType = sourcecode.c.objc; path = Hi__Tests.m; sourceTree = "<group>"; };
		092AA7C01B3B99D100B88F23 /* AppDelegate.h */ = {isa = PBXFileReference; fileEncoding = 4; lastKnownFileType = sourcecode.c.h; path = AppDelegate.h; sourceTree = "<group>"; };
		092AA7C11B3B99D100B88F23 /* AppDelegate.m */ = {isa = PBXFileReference; fileEncoding = 4; lastKnownFileType = sourcecode.c.objc; path = AppDelegate.m; sourceTree = "<group>"; };
		092AA7C51B3B9BE500B88F23 /* BasicViewController.h */ = {isa = PBXFileReference; fileEncoding = 4; lastKnownFileType = sourcecode.c.h; path = BasicViewController.h; sourceTree = "<group>"; };
		092AA7C61B3B9BE500B88F23 /* BasicViewController.m */ = {isa = PBXFileReference; fileEncoding = 4; lastKnownFileType = sourcecode.c.objc; path = BasicViewController.m; sourceTree = "<group>"; };
		094E16291B4272B600C05CB2 /* guowai.png */ = {isa = PBXFileReference; lastKnownFileType = image.png; path = guowai.png; sourceTree = "<group>"; };
		094E162A1B4272B600C05CB2 /* guonei.png */ = {isa = PBXFileReference; lastKnownFileType = image.png; path = guonei.png; sourceTree = "<group>"; };
		094E162F1B42731900C05CB2 /* quanbu.png */ = {isa = PBXFileReference; lastKnownFileType = image.png; path = quanbu.png; sourceTree = "<group>"; };
		094E16331B4298DC00C05CB2 /* en */ = {isa = PBXFileReference; lastKnownFileType = text.plist.strings; name = en; path = en.lproj/UMSocialLocalizable.strings; sourceTree = "<group>"; };
		094E16351B4298DC00C05CB2 /* UMSocial.h */ = {isa = PBXFileReference; fileEncoding = 4; lastKnownFileType = sourcecode.c.h; path = UMSocial.h; sourceTree = "<group>"; };
		094E16361B4298DC00C05CB2 /* UMSocialAccountManager.h */ = {isa = PBXFileReference; fileEncoding = 4; lastKnownFileType = sourcecode.c.h; path = UMSocialAccountManager.h; sourceTree = "<group>"; };
		094E16371B4298DC00C05CB2 /* UMSocialBar.h */ = {isa = PBXFileReference; fileEncoding = 4; lastKnownFileType = sourcecode.c.h; path = UMSocialBar.h; sourceTree = "<group>"; };
		094E16381B4298DC00C05CB2 /* UMSocialConfig.h */ = {isa = PBXFileReference; fileEncoding = 4; lastKnownFileType = sourcecode.c.h; path = UMSocialConfig.h; sourceTree = "<group>"; };
		094E16391B4298DC00C05CB2 /* UMSocialControllerService.h */ = {isa = PBXFileReference; fileEncoding = 4; lastKnownFileType = sourcecode.c.h; path = UMSocialControllerService.h; sourceTree = "<group>"; };
		094E163A1B4298DC00C05CB2 /* UMSocialControllerServiceComment.h */ = {isa = PBXFileReference; fileEncoding = 4; lastKnownFileType = sourcecode.c.h; path = UMSocialControllerServiceComment.h; sourceTree = "<group>"; };
		094E163B1B4298DC00C05CB2 /* UMSocialData.h */ = {isa = PBXFileReference; fileEncoding = 4; lastKnownFileType = sourcecode.c.h; path = UMSocialData.h; sourceTree = "<group>"; };
		094E163C1B4298DC00C05CB2 /* UMSocialDataService.h */ = {isa = PBXFileReference; fileEncoding = 4; lastKnownFileType = sourcecode.c.h; path = UMSocialDataService.h; sourceTree = "<group>"; };
		094E163D1B4298DC00C05CB2 /* UMSocialSnsData.h */ = {isa = PBXFileReference; fileEncoding = 4; lastKnownFileType = sourcecode.c.h; path = UMSocialSnsData.h; sourceTree = "<group>"; };
		094E163E1B4298DC00C05CB2 /* UMSocialSnsPlatformManager.h */ = {isa = PBXFileReference; fileEncoding = 4; lastKnownFileType = sourcecode.c.h; path = UMSocialSnsPlatformManager.h; sourceTree = "<group>"; };
		094E163F1B4298DC00C05CB2 /* UMSocialSnsService.h */ = {isa = PBXFileReference; fileEncoding = 4; lastKnownFileType = sourcecode.c.h; path = UMSocialSnsService.h; sourceTree = "<group>"; };
		094E16401B4298DC00C05CB2 /* libUMSocial_Sdk_4.2.3.a */ = {isa = PBXFileReference; lastKnownFileType = archive.ar; path = libUMSocial_Sdk_4.2.3.a; sourceTree = "<group>"; };
		094E16421B4298DC00C05CB2 /* UMSCommentDetailController.xib */ = {isa = PBXFileReference; fileEncoding = 4; lastKnownFileType = file.xib; path = UMSCommentDetailController.xib; sourceTree = "<group>"; };
		094E16431B4298DC00C05CB2 /* UMSCommentInputController.xib */ = {isa = PBXFileReference; fileEncoding = 4; lastKnownFileType = file.xib; path = UMSCommentInputController.xib; sourceTree = "<group>"; };
		094E16441B4298DC00C05CB2 /* UMSCommentInputControlleriPad.xib */ = {isa = PBXFileReference; fileEncoding = 4; lastKnownFileType = file.xib; path = UMSCommentInputControlleriPad.xib; sourceTree = "<group>"; };
		094E16451B4298DC00C05CB2 /* UMShareEditViewController.xib */ = {isa = PBXFileReference; fileEncoding = 4; lastKnownFileType = file.xib; path = UMShareEditViewController.xib; sourceTree = "<group>"; };
		094E16461B4298DC00C05CB2 /* UMShareEditViewControlleriPad.xib */ = {isa = PBXFileReference; fileEncoding = 4; lastKnownFileType = file.xib; path = UMShareEditViewControlleriPad.xib; sourceTree = "<group>"; };
		094E16471B4298DC00C05CB2 /* UMSLoginViewController.xib */ = {isa = PBXFileReference; fileEncoding = 4; lastKnownFileType = file.xib; path = UMSLoginViewController.xib; sourceTree = "<group>"; };
		094E16481B4298DC00C05CB2 /* UMSnsAccountViewController.xib */ = {isa = PBXFileReference; fileEncoding = 4; lastKnownFileType = file.xib; path = UMSnsAccountViewController.xib; sourceTree = "<group>"; };
		094E16491B4298DC00C05CB2 /* UMSShareListController.xib */ = {isa = PBXFileReference; fileEncoding = 4; lastKnownFileType = file.xib; path = UMSShareListController.xib; sourceTree = "<group>"; };
		094E164A1B4298DC00C05CB2 /* UMSocialSDKResourcesNew.bundle */ = {isa = PBXFileReference; lastKnownFileType = "wrapper.plug-in"; path = UMSocialSDKResourcesNew.bundle; sourceTree = "<group>"; };
		094E164B1B4298DC00C05CB2 /* zh-Hans */ = {isa = PBXFileReference; lastKnownFileType = text.plist.strings; name = "zh-Hans"; path = "zh-Hans.lproj/UMSocialLocalizable.strings"; sourceTree = "<group>"; };
		094E164E1B4298DC00C05CB2 /* libSocialQQ.a */ = {isa = PBXFileReference; lastKnownFileType = archive.ar; path = libSocialQQ.a; sourceTree = "<group>"; };
		094E164F1B4298DC00C05CB2 /* TencentOpenAPI.framework */ = {isa = PBXFileReference; lastKnownFileType = wrapper.framework; path = TencentOpenAPI.framework; sourceTree = "<group>"; };
		094E16501B4298DC00C05CB2 /* TencentOpenApi_IOS_Bundle.bundle */ = {isa = PBXFileReference; lastKnownFileType = "wrapper.plug-in"; path = TencentOpenApi_IOS_Bundle.bundle; sourceTree = "<group>"; };
		094E16511B4298DC00C05CB2 /* UMSocialQQHandler.h */ = {isa = PBXFileReference; fileEncoding = 4; lastKnownFileType = sourcecode.c.h; path = UMSocialQQHandler.h; sourceTree = "<group>"; };
		094E16531B4298DC00C05CB2 /* libSocialWechat.a */ = {isa = PBXFileReference; lastKnownFileType = archive.ar; path = libSocialWechat.a; sourceTree = "<group>"; };
		094E16541B4298DC00C05CB2 /* libWeChatSDK.a */ = {isa = PBXFileReference; lastKnownFileType = archive.ar; path = libWeChatSDK.a; sourceTree = "<group>"; };
		094E16551B4298DC00C05CB2 /* UMSocialWechatHandler.h */ = {isa = PBXFileReference; fileEncoding = 4; lastKnownFileType = sourcecode.c.h; path = UMSocialWechatHandler.h; sourceTree = "<group>"; };
		094E16561B4298DC00C05CB2 /* WXApi.h */ = {isa = PBXFileReference; fileEncoding = 4; lastKnownFileType = sourcecode.c.h; path = WXApi.h; sourceTree = "<group>"; };
		094E16571B4298DC00C05CB2 /* WXApiObject.h */ = {isa = PBXFileReference; fileEncoding = 4; lastKnownFileType = sourcecode.c.h; path = WXApiObject.h; sourceTree = "<group>"; };
		096DA8531B3E2E9600925F62 /* EvaluateView.h */ = {isa = PBXFileReference; fileEncoding = 4; lastKnownFileType = sourcecode.c.h; path = EvaluateView.h; sourceTree = "<group>"; };
		096DA8541B3E2E9600925F62 /* EvaluateView.m */ = {isa = PBXFileReference; fileEncoding = 4; lastKnownFileType = sourcecode.c.objc; path = EvaluateView.m; sourceTree = "<group>"; };
		096DA8561B3E327B00925F62 /* star_2.png */ = {isa = PBXFileReference; lastKnownFileType = image.png; path = star_2.png; sourceTree = "<group>"; };
		096DA8571B3E327B00925F62 /* star_0.png */ = {isa = PBXFileReference; lastKnownFileType = image.png; path = star_0.png; sourceTree = "<group>"; };
		096DA8581B3E327B00925F62 /* star_1.png */ = {isa = PBXFileReference; lastKnownFileType = image.png; path = star_1.png; sourceTree = "<group>"; };
		096DA8781B3E4B8E00925F62 /* fruit_jia.png */ = {isa = PBXFileReference; lastKnownFileType = image.png; path = fruit_jia.png; sourceTree = "<group>"; };
		096DA8791B3E4B8E00925F62 /* fruit_jian.png */ = {isa = PBXFileReference; lastKnownFileType = image.png; path = fruit_jian.png; sourceTree = "<group>"; };
		096DA8811B3E4E6C00925F62 /* EatForFreeController.h */ = {isa = PBXFileReference; fileEncoding = 4; lastKnownFileType = sourcecode.c.h; path = EatForFreeController.h; sourceTree = "<group>"; };
		096DA8821B3E4E6C00925F62 /* EatForFreeController.m */ = {isa = PBXFileReference; fileEncoding = 4; lastKnownFileType = sourcecode.c.objc; path = EatForFreeController.m; sourceTree = "<group>"; };
		096DA8861B3F9FA300925F62 /* FruitNameAndPrice.h */ = {isa = PBXFileReference; fileEncoding = 4; lastKnownFileType = sourcecode.c.h; path = FruitNameAndPrice.h; sourceTree = "<group>"; };
		096DA8871B3F9FA300925F62 /* FruitNameAndPrice.m */ = {isa = PBXFileReference; fileEncoding = 4; lastKnownFileType = sourcecode.c.objc; path = FruitNameAndPrice.m; sourceTree = "<group>"; };
		096DA88C1B3FA6E700925F62 /* FruitDetailsCustomCell.m */ = {isa = PBXFileReference; fileEncoding = 4; lastKnownFileType = sourcecode.c.objc; path = FruitDetailsCustomCell.m; sourceTree = "<group>"; };
		096DA88E1B3FEFCA00925F62 /* CustomSeparator.h */ = {isa = PBXFileReference; fileEncoding = 4; lastKnownFileType = sourcecode.c.h; path = CustomSeparator.h; sourceTree = "<group>"; };
		096DA88F1B3FEFCA00925F62 /* CustomSeparator.m */ = {isa = PBXFileReference; fileEncoding = 4; lastKnownFileType = sourcecode.c.objc; path = CustomSeparator.m; sourceTree = "<group>"; };
		096DA8911B40194F00925F62 /* EatRules.h */ = {isa = PBXFileReference; fileEncoding = 4; lastKnownFileType = sourcecode.c.h; path = EatRules.h; sourceTree = "<group>"; };
		096DA8921B40194F00925F62 /* EatRules.m */ = {isa = PBXFileReference; fileEncoding = 4; lastKnownFileType = sourcecode.c.objc; path = EatRules.m; sourceTree = "<group>"; };
		096DA8941B40366D00925F62 /* EatView.h */ = {isa = PBXFileReference; fileEncoding = 4; lastKnownFileType = sourcecode.c.h; path = EatView.h; sourceTree = "<group>"; };
		096DA8951B40366D00925F62 /* EatView.m */ = {isa = PBXFileReference; fileEncoding = 4; lastKnownFileType = sourcecode.c.objc; path = EatView.m; sourceTree = "<group>"; };
		096F9C5C1B3D2798007CE994 /* FruitDetailsTableView.h */ = {isa = PBXFileReference; fileEncoding = 4; lastKnownFileType = sourcecode.c.h; path = FruitDetailsTableView.h; sourceTree = "<group>"; };
		096F9C5D1B3D2798007CE994 /* FruitDetailsTableView.m */ = {isa = PBXFileReference; fileEncoding = 4; lastKnownFileType = sourcecode.c.objc; path = FruitDetailsTableView.m; sourceTree = "<group>"; };
		096F9C5F1B3D2CAB007CE994 /* ShopToolbar.h */ = {isa = PBXFileReference; fileEncoding = 4; lastKnownFileType = sourcecode.c.h; path = ShopToolbar.h; sourceTree = "<group>"; };
		096F9C601B3D2CAB007CE994 /* ShopToolbar.m */ = {isa = PBXFileReference; fileEncoding = 4; lastKnownFileType = sourcecode.c.objc; path = ShopToolbar.m; sourceTree = "<group>"; };
		096F9C651B3D3658007CE994 /* FruitDetailsCustomCell.h */ = {isa = PBXFileReference; fileEncoding = 4; lastKnownFileType = sourcecode.c.h; path = FruitDetailsCustomCell.h; sourceTree = "<group>"; };
		096F9C681B3D4D35007CE994 /* DetailsScrollView.h */ = {isa = PBXFileReference; fileEncoding = 4; lastKnownFileType = sourcecode.c.h; path = DetailsScrollView.h; sourceTree = "<group>"; };
		096F9C691B3D4D35007CE994 /* DetailsScrollView.m */ = {isa = PBXFileReference; fileEncoding = 4; lastKnownFileType = sourcecode.c.objc; path = DetailsScrollView.m; sourceTree = "<group>"; };
		096F9C6B1B3D5627007CE994 /* FruitNumberPicker.h */ = {isa = PBXFileReference; fileEncoding = 4; lastKnownFileType = sourcecode.c.h; path = FruitNumberPicker.h; sourceTree = "<group>"; };
		096F9C6C1B3D5627007CE994 /* FruitNumberPicker.m */ = {isa = PBXFileReference; fileEncoding = 4; lastKnownFileType = sourcecode.c.objc; path = FruitNumberPicker.m; sourceTree = "<group>"; };
		097A0E5B1B414B0800E860B9 /* URLDefine.h */ = {isa = PBXFileReference; lastKnownFileType = sourcecode.c.h; path = URLDefine.h; sourceTree = "<group>"; };
		097A0E5E1B414B5D00E860B9 /* AFHTTPRequestOperation.h */ = {isa = PBXFileReference; fileEncoding = 4; lastKnownFileType = sourcecode.c.h; path = AFHTTPRequestOperation.h; sourceTree = "<group>"; };
		097A0E5F1B414B5D00E860B9 /* AFHTTPRequestOperation.m */ = {isa = PBXFileReference; fileEncoding = 4; lastKnownFileType = sourcecode.c.objc; path = AFHTTPRequestOperation.m; sourceTree = "<group>"; };
		097A0E601B414B5D00E860B9 /* AFHTTPRequestOperationManager.h */ = {isa = PBXFileReference; fileEncoding = 4; lastKnownFileType = sourcecode.c.h; path = AFHTTPRequestOperationManager.h; sourceTree = "<group>"; };
		097A0E611B414B5D00E860B9 /* AFHTTPRequestOperationManager.m */ = {isa = PBXFileReference; fileEncoding = 4; lastKnownFileType = sourcecode.c.objc; path = AFHTTPRequestOperationManager.m; sourceTree = "<group>"; };
		097A0E621B414B5D00E860B9 /* AFHTTPSessionManager.h */ = {isa = PBXFileReference; fileEncoding = 4; lastKnownFileType = sourcecode.c.h; path = AFHTTPSessionManager.h; sourceTree = "<group>"; };
		097A0E631B414B5D00E860B9 /* AFHTTPSessionManager.m */ = {isa = PBXFileReference; fileEncoding = 4; lastKnownFileType = sourcecode.c.objc; path = AFHTTPSessionManager.m; sourceTree = "<group>"; };
		097A0E641B414B5D00E860B9 /* AFNetworking.h */ = {isa = PBXFileReference; fileEncoding = 4; lastKnownFileType = sourcecode.c.h; path = AFNetworking.h; sourceTree = "<group>"; };
		097A0E651B414B5D00E860B9 /* AFNetworkReachabilityManager.h */ = {isa = PBXFileReference; fileEncoding = 4; lastKnownFileType = sourcecode.c.h; path = AFNetworkReachabilityManager.h; sourceTree = "<group>"; };
		097A0E661B414B5D00E860B9 /* AFNetworkReachabilityManager.m */ = {isa = PBXFileReference; fileEncoding = 4; lastKnownFileType = sourcecode.c.objc; path = AFNetworkReachabilityManager.m; sourceTree = "<group>"; };
		097A0E671B414B5D00E860B9 /* AFSecurityPolicy.h */ = {isa = PBXFileReference; fileEncoding = 4; lastKnownFileType = sourcecode.c.h; path = AFSecurityPolicy.h; sourceTree = "<group>"; };
		097A0E681B414B5D00E860B9 /* AFSecurityPolicy.m */ = {isa = PBXFileReference; fileEncoding = 4; lastKnownFileType = sourcecode.c.objc; path = AFSecurityPolicy.m; sourceTree = "<group>"; };
		097A0E691B414B5D00E860B9 /* AFURLConnectionOperation.h */ = {isa = PBXFileReference; fileEncoding = 4; lastKnownFileType = sourcecode.c.h; path = AFURLConnectionOperation.h; sourceTree = "<group>"; };
		097A0E6A1B414B5D00E860B9 /* AFURLConnectionOperation.m */ = {isa = PBXFileReference; fileEncoding = 4; lastKnownFileType = sourcecode.c.objc; path = AFURLConnectionOperation.m; sourceTree = "<group>"; };
		097A0E6B1B414B5D00E860B9 /* AFURLRequestSerialization.h */ = {isa = PBXFileReference; fileEncoding = 4; lastKnownFileType = sourcecode.c.h; path = AFURLRequestSerialization.h; sourceTree = "<group>"; };
		097A0E6C1B414B5D00E860B9 /* AFURLRequestSerialization.m */ = {isa = PBXFileReference; fileEncoding = 4; lastKnownFileType = sourcecode.c.objc; path = AFURLRequestSerialization.m; sourceTree = "<group>"; };
		097A0E6D1B414B5D00E860B9 /* AFURLResponseSerialization.h */ = {isa = PBXFileReference; fileEncoding = 4; lastKnownFileType = sourcecode.c.h; path = AFURLResponseSerialization.h; sourceTree = "<group>"; };
		097A0E6E1B414B5D00E860B9 /* AFURLResponseSerialization.m */ = {isa = PBXFileReference; fileEncoding = 4; lastKnownFileType = sourcecode.c.objc; path = AFURLResponseSerialization.m; sourceTree = "<group>"; };
		097A0E6F1B414B5D00E860B9 /* AFURLSessionManager.h */ = {isa = PBXFileReference; fileEncoding = 4; lastKnownFileType = sourcecode.c.h; path = AFURLSessionManager.h; sourceTree = "<group>"; };
		097A0E701B414B5D00E860B9 /* AFURLSessionManager.m */ = {isa = PBXFileReference; fileEncoding = 4; lastKnownFileType = sourcecode.c.objc; path = AFURLSessionManager.m; sourceTree = "<group>"; };
		097A0EA71B414B7600E860B9 /* NSData+ImageContentType.h */ = {isa = PBXFileReference; fileEncoding = 4; lastKnownFileType = sourcecode.c.h; path = "NSData+ImageContentType.h"; sourceTree = "<group>"; };
		097A0EA81B414B7600E860B9 /* NSData+ImageContentType.m */ = {isa = PBXFileReference; fileEncoding = 4; lastKnownFileType = sourcecode.c.objc; path = "NSData+ImageContentType.m"; sourceTree = "<group>"; };
		097A0EA91B414B7600E860B9 /* SDImageCache.h */ = {isa = PBXFileReference; fileEncoding = 4; lastKnownFileType = sourcecode.c.h; path = SDImageCache.h; sourceTree = "<group>"; };
		097A0EAA1B414B7600E860B9 /* SDImageCache.m */ = {isa = PBXFileReference; fileEncoding = 4; lastKnownFileType = sourcecode.c.objc; path = SDImageCache.m; sourceTree = "<group>"; };
		097A0EAB1B414B7600E860B9 /* SDWebImageCompat.h */ = {isa = PBXFileReference; fileEncoding = 4; lastKnownFileType = sourcecode.c.h; path = SDWebImageCompat.h; sourceTree = "<group>"; };
		097A0EAC1B414B7600E860B9 /* SDWebImageCompat.m */ = {isa = PBXFileReference; fileEncoding = 4; lastKnownFileType = sourcecode.c.objc; path = SDWebImageCompat.m; sourceTree = "<group>"; };
		097A0EAD1B414B7600E860B9 /* SDWebImageDecoder.h */ = {isa = PBXFileReference; fileEncoding = 4; lastKnownFileType = sourcecode.c.h; path = SDWebImageDecoder.h; sourceTree = "<group>"; };
		097A0EAE1B414B7600E860B9 /* SDWebImageDecoder.m */ = {isa = PBXFileReference; fileEncoding = 4; lastKnownFileType = sourcecode.c.objc; path = SDWebImageDecoder.m; sourceTree = "<group>"; };
		097A0EAF1B414B7600E860B9 /* SDWebImageDownloader.h */ = {isa = PBXFileReference; fileEncoding = 4; lastKnownFileType = sourcecode.c.h; path = SDWebImageDownloader.h; sourceTree = "<group>"; };
		097A0EB01B414B7600E860B9 /* SDWebImageDownloader.m */ = {isa = PBXFileReference; fileEncoding = 4; lastKnownFileType = sourcecode.c.objc; path = SDWebImageDownloader.m; sourceTree = "<group>"; };
		097A0EB11B414B7600E860B9 /* SDWebImageDownloaderOperation.h */ = {isa = PBXFileReference; fileEncoding = 4; lastKnownFileType = sourcecode.c.h; path = SDWebImageDownloaderOperation.h; sourceTree = "<group>"; };
		097A0EB21B414B7600E860B9 /* SDWebImageDownloaderOperation.m */ = {isa = PBXFileReference; fileEncoding = 4; lastKnownFileType = sourcecode.c.objc; path = SDWebImageDownloaderOperation.m; sourceTree = "<group>"; };
		097A0EB31B414B7600E860B9 /* SDWebImageManager.h */ = {isa = PBXFileReference; fileEncoding = 4; lastKnownFileType = sourcecode.c.h; path = SDWebImageManager.h; sourceTree = "<group>"; };
		097A0EB41B414B7600E860B9 /* SDWebImageManager.m */ = {isa = PBXFileReference; fileEncoding = 4; lastKnownFileType = sourcecode.c.objc; path = SDWebImageManager.m; sourceTree = "<group>"; };
		097A0EB51B414B7600E860B9 /* SDWebImageOperation.h */ = {isa = PBXFileReference; fileEncoding = 4; lastKnownFileType = sourcecode.c.h; path = SDWebImageOperation.h; sourceTree = "<group>"; };
		097A0EB61B414B7600E860B9 /* SDWebImagePrefetcher.h */ = {isa = PBXFileReference; fileEncoding = 4; lastKnownFileType = sourcecode.c.h; path = SDWebImagePrefetcher.h; sourceTree = "<group>"; };
		097A0EB71B414B7600E860B9 /* SDWebImagePrefetcher.m */ = {isa = PBXFileReference; fileEncoding = 4; lastKnownFileType = sourcecode.c.objc; path = SDWebImagePrefetcher.m; sourceTree = "<group>"; };
		097A0EB81B414B7600E860B9 /* UIButton+WebCache.h */ = {isa = PBXFileReference; fileEncoding = 4; lastKnownFileType = sourcecode.c.h; path = "UIButton+WebCache.h"; sourceTree = "<group>"; };
		097A0EB91B414B7600E860B9 /* UIButton+WebCache.m */ = {isa = PBXFileReference; fileEncoding = 4; lastKnownFileType = sourcecode.c.objc; path = "UIButton+WebCache.m"; sourceTree = "<group>"; };
		097A0EBA1B414B7600E860B9 /* UIImage+GIF.h */ = {isa = PBXFileReference; fileEncoding = 4; lastKnownFileType = sourcecode.c.h; path = "UIImage+GIF.h"; sourceTree = "<group>"; };
		097A0EBB1B414B7600E860B9 /* UIImage+GIF.m */ = {isa = PBXFileReference; fileEncoding = 4; lastKnownFileType = sourcecode.c.objc; path = "UIImage+GIF.m"; sourceTree = "<group>"; };
		097A0EBC1B414B7600E860B9 /* UIImage+MultiFormat.h */ = {isa = PBXFileReference; fileEncoding = 4; lastKnownFileType = sourcecode.c.h; path = "UIImage+MultiFormat.h"; sourceTree = "<group>"; };
		097A0EBD1B414B7600E860B9 /* UIImage+MultiFormat.m */ = {isa = PBXFileReference; fileEncoding = 4; lastKnownFileType = sourcecode.c.objc; path = "UIImage+MultiFormat.m"; sourceTree = "<group>"; };
		097A0EBE1B414B7600E860B9 /* UIImageView+HighlightedWebCache.h */ = {isa = PBXFileReference; fileEncoding = 4; lastKnownFileType = sourcecode.c.h; path = "UIImageView+HighlightedWebCache.h"; sourceTree = "<group>"; };
		097A0EBF1B414B7600E860B9 /* UIImageView+HighlightedWebCache.m */ = {isa = PBXFileReference; fileEncoding = 4; lastKnownFileType = sourcecode.c.objc; path = "UIImageView+HighlightedWebCache.m"; sourceTree = "<group>"; };
		097A0EC01B414B7600E860B9 /* UIImageView+WebCache.h */ = {isa = PBXFileReference; fileEncoding = 4; lastKnownFileType = sourcecode.c.h; path = "UIImageView+WebCache.h"; sourceTree = "<group>"; };
		097A0EC11B414B7600E860B9 /* UIImageView+WebCache.m */ = {isa = PBXFileReference; fileEncoding = 4; lastKnownFileType = sourcecode.c.objc; path = "UIImageView+WebCache.m"; sourceTree = "<group>"; };
		097A0EC21B414B7600E860B9 /* UIView+WebCacheOperation.h */ = {isa = PBXFileReference; fileEncoding = 4; lastKnownFileType = sourcecode.c.h; path = "UIView+WebCacheOperation.h"; sourceTree = "<group>"; };
		097A0EC31B414B7600E860B9 /* UIView+WebCacheOperation.m */ = {isa = PBXFileReference; fileEncoding = 4; lastKnownFileType = sourcecode.c.objc; path = "UIView+WebCacheOperation.m"; sourceTree = "<group>"; };
		097A0ED21B41502B00E860B9 /* CategoryModel.h */ = {isa = PBXFileReference; fileEncoding = 4; lastKnownFileType = sourcecode.c.h; path = CategoryModel.h; sourceTree = "<group>"; };
		097A0ED31B41502B00E860B9 /* CategoryModel.m */ = {isa = PBXFileReference; fileEncoding = 4; lastKnownFileType = sourcecode.c.objc; path = CategoryModel.m; sourceTree = "<group>"; };
		097A0ED51B415F8A00E860B9 /* Model.h */ = {isa = PBXFileReference; fileEncoding = 4; lastKnownFileType = sourcecode.c.h; path = Model.h; sourceTree = "<group>"; };
		097A0ED61B415F8A00E860B9 /* Model.m */ = {isa = PBXFileReference; fileEncoding = 4; lastKnownFileType = sourcecode.c.objc; path = Model.m; sourceTree = "<group>"; };
		097A0EE11B42251900E860B9 /* ShoppingCartController.h */ = {isa = PBXFileReference; fileEncoding = 4; lastKnownFileType = sourcecode.c.h; path = ShoppingCartController.h; sourceTree = "<group>"; };
		097A0EE21B42251900E860B9 /* ShoppingCartController.m */ = {isa = PBXFileReference; fileEncoding = 4; lastKnownFileType = sourcecode.c.objc; path = ShoppingCartController.m; sourceTree = "<group>"; };
		097A0EE71B42251900E860B9 /* CartCell.h */ = {isa = PBXFileReference; fileEncoding = 4; lastKnownFileType = sourcecode.c.h; path = CartCell.h; sourceTree = "<group>"; };
		097A0EE81B42251900E860B9 /* CartCell.m */ = {isa = PBXFileReference; fileEncoding = 4; lastKnownFileType = sourcecode.c.objc; path = CartCell.m; sourceTree = "<group>"; };
		097A0EEB1B42251900E860B9 /* PersonalController.h */ = {isa = PBXFileReference; fileEncoding = 4; lastKnownFileType = sourcecode.c.h; path = PersonalController.h; sourceTree = "<group>"; };
		097A0EEC1B42251900E860B9 /* PersonalController.m */ = {isa = PBXFileReference; fileEncoding = 4; lastKnownFileType = sourcecode.c.objc; path = PersonalController.m; sourceTree = "<group>"; };
		097A0EED1B42251900E860B9 /* SettingController.h */ = {isa = PBXFileReference; fileEncoding = 4; lastKnownFileType = sourcecode.c.h; path = SettingController.h; sourceTree = "<group>"; };
		097A0EEE1B42251900E860B9 /* SettingController.m */ = {isa = PBXFileReference; fileEncoding = 4; lastKnownFileType = sourcecode.c.objc; path = SettingController.m; sourceTree = "<group>"; };
		097A0EF31B42251900E860B9 /* LoginController.h */ = {isa = PBXFileReference; fileEncoding = 4; lastKnownFileType = sourcecode.c.h; path = LoginController.h; sourceTree = "<group>"; };
		097A0EF41B42251900E860B9 /* LoginController.m */ = {isa = PBXFileReference; fileEncoding = 4; lastKnownFileType = sourcecode.c.objc; path = LoginController.m; sourceTree = "<group>"; };
		097A0EF71B42251900E860B9 /* MyGardenCell.h */ = {isa = PBXFileReference; fileEncoding = 4; lastKnownFileType = sourcecode.c.h; path = MyGardenCell.h; sourceTree = "<group>"; };
		097A0EF81B42251900E860B9 /* MyGardenCell.m */ = {isa = PBXFileReference; fileEncoding = 4; lastKnownFileType = sourcecode.c.objc; path = MyGardenCell.m; sourceTree = "<group>"; };
		097A0EF91B42251900E860B9 /* MyGardenView.h */ = {isa = PBXFileReference; fileEncoding = 4; lastKnownFileType = sourcecode.c.h; path = MyGardenView.h; sourceTree = "<group>"; };
		097A0EFA1B42251900E860B9 /* MyGardenView.m */ = {isa = PBXFileReference; fileEncoding = 4; lastKnownFileType = sourcecode.c.objc; path = MyGardenView.m; sourceTree = "<group>"; };
		097A81E71B3BA6B000D59370 /* search_menu.png */ = {isa = PBXFileReference; lastKnownFileType = image.png; path = search_menu.png; sourceTree = "<group>"; };
		097A81FC1B3BD04A00D59370 /* HomePageController.h */ = {isa = PBXFileReference; fileEncoding = 4; lastKnownFileType = sourcecode.c.h; path = HomePageController.h; sourceTree = "<group>"; };
		097A81FD1B3BD04A00D59370 /* HomePageController.m */ = {isa = PBXFileReference; fileEncoding = 4; lastKnownFileType = sourcecode.c.objc; path = HomePageController.m; sourceTree = "<group>"; };
		097A82011B3BD15E00D59370 /* ButtonView.h */ = {isa = PBXFileReference; fileEncoding = 4; lastKnownFileType = sourcecode.c.h; path = ButtonView.h; sourceTree = "<group>"; };
		097A82021B3BD15E00D59370 /* ButtonView.m */ = {isa = PBXFileReference; fileEncoding = 4; lastKnownFileType = sourcecode.c.objc; path = ButtonView.m; sourceTree = "<group>"; };
		097A82061B3BD4AB00D59370 /* PrefixHeader.pch */ = {isa = PBXFileReference; fileEncoding = 4; lastKnownFileType = sourcecode.c.h; path = PrefixHeader.pch; sourceTree = "<group>"; };
		097A82081B3BD70600D59370 /* SearchBox.h */ = {isa = PBXFileReference; fileEncoding = 4; lastKnownFileType = sourcecode.c.h; path = SearchBox.h; sourceTree = "<group>"; };
		097A82091B3BD70600D59370 /* SearchBox.m */ = {isa = PBXFileReference; fileEncoding = 4; lastKnownFileType = sourcecode.c.objc; path = SearchBox.m; sourceTree = "<group>"; };
		097A820C1B3BD70600D59370 /* FruitDetailsController.h */ = {isa = PBXFileReference; fileEncoding = 4; lastKnownFileType = sourcecode.c.h; path = FruitDetailsController.h; sourceTree = "<group>"; };
		097A820D1B3BD70600D59370 /* FruitDetailsController.m */ = {isa = PBXFileReference; fileEncoding = 4; lastKnownFileType = sourcecode.c.objc; path = FruitDetailsController.m; sourceTree = "<group>"; };
		097A82131B3BD70600D59370 /* SearchController.h */ = {isa = PBXFileReference; fileEncoding = 4; lastKnownFileType = sourcecode.c.h; path = SearchController.h; sourceTree = "<group>"; };
		097A82141B3BD70600D59370 /* SearchController.m */ = {isa = PBXFileReference; fileEncoding = 4; lastKnownFileType = sourcecode.c.objc; path = SearchController.m; sourceTree = "<group>"; };
		097A82211B3BD70600D59370 /* CategoryController.h */ = {isa = PBXFileReference; fileEncoding = 4; lastKnownFileType = sourcecode.c.h; path = CategoryController.h; sourceTree = "<group>"; };
		097A82221B3BD70600D59370 /* CategoryController.m */ = {isa = PBXFileReference; fileEncoding = 4; lastKnownFileType = sourcecode.c.objc; path = CategoryController.m; sourceTree = "<group>"; };
		097A82431B3BE5D000D59370 /* HomePageTableView.h */ = {isa = PBXFileReference; fileEncoding = 4; lastKnownFileType = sourcecode.c.h; path = HomePageTableView.h; sourceTree = "<group>"; };
		097A82441B3BE5D000D59370 /* HomePageTableView.m */ = {isa = PBXFileReference; fileEncoding = 4; lastKnownFileType = sourcecode.c.objc; path = HomePageTableView.m; sourceTree = "<group>"; };
		097A82461B3BE92400D59370 /* HomePageCustomCell.h */ = {isa = PBXFileReference; fileEncoding = 4; lastKnownFileType = sourcecode.c.h; path = HomePageCustomCell.h; sourceTree = "<group>"; };
		097A82471B3BE92400D59370 /* HomePageCustomCell.m */ = {isa = PBXFileReference; fileEncoding = 4; lastKnownFileType = sourcecode.c.objc; path = HomePageCustomCell.m; sourceTree = "<group>"; };
		097A82491B3BFE0C00D59370 /* CarouselView.h */ = {isa = PBXFileReference; fileEncoding = 4; lastKnownFileType = sourcecode.c.h; path = CarouselView.h; sourceTree = "<group>"; };
		097A824A1B3BFE0C00D59370 /* CarouselView.m */ = {isa = PBXFileReference; fileEncoding = 4; lastKnownFileType = sourcecode.c.objc; path = CarouselView.m; sourceTree = "<group>"; };
		097A82521B3C05AF00D59370 /* 1.jpg */ = {isa = PBXFileReference; lastKnownFileType = image.jpeg; path = 1.jpg; sourceTree = "<group>"; };
		097A82531B3C05AF00D59370 /* 2.jpg */ = {isa = PBXFileReference; lastKnownFileType = image.jpeg; path = 2.jpg; sourceTree = "<group>"; };
		097A82541B3C05AF00D59370 /* 3.jpg */ = {isa = PBXFileReference; lastKnownFileType = image.jpeg; path = 3.jpg; sourceTree = "<group>"; };
		097A82581B3CEAF500D59370 /* CarouselButton.h */ = {isa = PBXFileReference; fileEncoding = 4; lastKnownFileType = sourcecode.c.h; path = CarouselButton.h; sourceTree = "<group>"; };
		097A82591B3CEAF500D59370 /* CarouselButton.m */ = {isa = PBXFileReference; fileEncoding = 4; lastKnownFileType = sourcecode.c.objc; path = CarouselButton.m; sourceTree = "<group>"; };
		09FFE2951B40CD1A007066C3 /* FruitCategoryTableView.h */ = {isa = PBXFileReference; fileEncoding = 4; lastKnownFileType = sourcecode.c.h; path = FruitCategoryTableView.h; sourceTree = "<group>"; };
		09FFE2961B40CD1A007066C3 /* FruitCategoryTableView.m */ = {isa = PBXFileReference; fileEncoding = 4; lastKnownFileType = sourcecode.c.objc; path = FruitCategoryTableView.m; sourceTree = "<group>"; };
		09FFE2981B40DA81007066C3 /* FruitCategoryCell.h */ = {isa = PBXFileReference; fileEncoding = 4; lastKnownFileType = sourcecode.c.h; path = FruitCategoryCell.h; sourceTree = "<group>"; };
		09FFE2991B40DA81007066C3 /* FruitCategoryCell.m */ = {isa = PBXFileReference; fileEncoding = 4; lastKnownFileType = sourcecode.c.objc; path = FruitCategoryCell.m; sourceTree = "<group>"; };
		09FFE2A81B40ECD2007066C3 /* jiuzhuan.jpg */ = {isa = PBXFileReference; lastKnownFileType = image.jpeg; path = jiuzhuan.jpg; sourceTree = "<group>"; };
		09FFE2AB1B40F4C4007066C3 /* Framework.h */ = {isa = PBXFileReference; fileEncoding = 4; lastKnownFileType = sourcecode.c.h; path = Framework.h; sourceTree = "<group>"; };
		09FFE2AC1B40F4C4007066C3 /* Framework.m */ = {isa = PBXFileReference; fileEncoding = 4; lastKnownFileType = sourcecode.c.objc; path = Framework.m; sourceTree = "<group>"; };
		09FFE2AD1B40F4C4007066C3 /* GlobalControl.h */ = {isa = PBXFileReference; fileEncoding = 4; lastKnownFileType = sourcecode.c.h; path = GlobalControl.h; sourceTree = "<group>"; };
		09FFE2AE1B40F4C4007066C3 /* GlobalControl.m */ = {isa = PBXFileReference; fileEncoding = 4; lastKnownFileType = sourcecode.c.objc; path = GlobalControl.m; sourceTree = "<group>"; };
		09FFE2B41B40F50E007066C3 /* GlobalMethod.h */ = {isa = PBXFileReference; fileEncoding = 4; lastKnownFileType = sourcecode.c.h; path = GlobalMethod.h; sourceTree = "<group>"; };
		09FFE2B51B40F50E007066C3 /* GlobalMethod.m */ = {isa = PBXFileReference; fileEncoding = 4; lastKnownFileType = sourcecode.c.objc; path = GlobalMethod.m; sourceTree = "<group>"; };
		09FFE2B71B40F52A007066C3 /* User.h */ = {isa = PBXFileReference; fileEncoding = 4; lastKnownFileType = sourcecode.c.h; path = User.h; sourceTree = "<group>"; };
		09FFE2B81B40F52A007066C3 /* User.m */ = {isa = PBXFileReference; fileEncoding = 4; lastKnownFileType = sourcecode.c.objc; path = User.m; sourceTree = "<group>"; };
		09FFE2BA1B40F5A7007066C3 /* HoverButton.h */ = {isa = PBXFileReference; fileEncoding = 4; lastKnownFileType = sourcecode.c.h; path = HoverButton.h; sourceTree = "<group>"; };
		09FFE2BB1B40F5A7007066C3 /* HoverButton.m */ = {isa = PBXFileReference; fileEncoding = 4; lastKnownFileType = sourcecode.c.objc; path = HoverButton.m; sourceTree = "<group>"; };
		09FFE2C01B41230B007066C3 /* CategoryDetailsController.h */ = {isa = PBXFileReference; fileEncoding = 4; lastKnownFileType = sourcecode.c.h; path = CategoryDetailsController.h; sourceTree = "<group>"; };
		09FFE2C11B41230B007066C3 /* CategoryDetailsController.m */ = {isa = PBXFileReference; fileEncoding = 4; lastKnownFileType = sourcecode.c.objc; path = CategoryDetailsController.m; sourceTree = "<group>"; };
		09FFE2CD1B413450007066C3 /* CategoryDetailsTableView.h */ = {isa = PBXFileReference; fileEncoding = 4; lastKnownFileType = sourcecode.c.h; path = CategoryDetailsTableView.h; sourceTree = "<group>"; };
		09FFE2CE1B413450007066C3 /* CategoryDetailsTableView.m */ = {isa = PBXFileReference; fileEncoding = 4; lastKnownFileType = sourcecode.c.objc; path = CategoryDetailsTableView.m; sourceTree = "<group>"; };
		09FFE2D01B413753007066C3 /* CategoryDetailsCell.h */ = {isa = PBXFileReference; fileEncoding = 4; lastKnownFileType = sourcecode.c.h; path = CategoryDetailsCell.h; sourceTree = "<group>"; };
		09FFE2D11B413753007066C3 /* CategoryDetailsCell.m */ = {isa = PBXFileReference; fileEncoding = 4; lastKnownFileType = sourcecode.c.objc; path = CategoryDetailsCell.m; sourceTree = "<group>"; };
		2456A2811B427C5000F49906 /* Fruit.h */ = {isa = PBXFileReference; fileEncoding = 4; lastKnownFileType = sourcecode.c.h; path = Fruit.h; sourceTree = "<group>"; };
		2456A2821B427C5000F49906 /* Fruit.m */ = {isa = PBXFileReference; fileEncoding = 4; lastKnownFileType = sourcecode.c.objc; path = Fruit.m; sourceTree = "<group>"; };
		2456A2841B4292FD00F49906 /* placeholder.jpg */ = {isa = PBXFileReference; lastKnownFileType = image.jpeg; path = placeholder.jpg; sourceTree = "<group>"; };
		2456A2861B4298CC00F49906 /* CartTableView.h */ = {isa = PBXFileReference; fileEncoding = 4; lastKnownFileType = sourcecode.c.h; path = CartTableView.h; sourceTree = "<group>"; };
		2456A2871B4298CC00F49906 /* CartTableView.m */ = {isa = PBXFileReference; fileEncoding = 4; lastKnownFileType = sourcecode.c.objc; path = CartTableView.m; sourceTree = "<group>"; };
		2456A2891B42AE9400F49906 /* RegisterController.h */ = {isa = PBXFileReference; fileEncoding = 4; lastKnownFileType = sourcecode.c.h; path = RegisterController.h; sourceTree = "<group>"; };
		2456A28A1B42AE9400F49906 /* RegisterController.m */ = {isa = PBXFileReference; fileEncoding = 4; lastKnownFileType = sourcecode.c.objc; path = RegisterController.m; sourceTree = "<group>"; };
		388C746D1B3EE7490078AE32 /* bill_normal.png */ = {isa = PBXFileReference; lastKnownFileType = image.png; path = bill_normal.png; sourceTree = "<group>"; };
		388C746E1B3EE7490078AE32 /* bill_normal@2x.png */ = {isa = PBXFileReference; lastKnownFileType = image.png; path = "bill_normal@2x.png"; sourceTree = "<group>"; };
		388C746F1B3EE7490078AE32 /* bkImage.jpg */ = {isa = PBXFileReference; lastKnownFileType = image.jpeg; path = bkImage.jpg; sourceTree = "<group>"; };
		388C74701B3EE7490078AE32 /* logo_default.png */ = {isa = PBXFileReference; lastKnownFileType = image.png; path = logo_default.png; sourceTree = "<group>"; };
		388C74711B3EE7490078AE32 /* nav_clear_bk.png */ = {isa = PBXFileReference; lastKnownFileType = image.png; path = nav_clear_bk.png; sourceTree = "<group>"; };
		388C74721B3EE7490078AE32 /* user_button_normal.png */ = {isa = PBXFileReference; lastKnownFileType = image.png; path = user_button_normal.png; sourceTree = "<group>"; };
		388C74731B3EE7490078AE32 /* user_button_normal@2x.png */ = {isa = PBXFileReference; lastKnownFileType = image.png; path = "user_button_normal@2x.png"; sourceTree = "<group>"; };
		388C747C1B3EE7830078AE32 /* FlexibleFrame.h */ = {isa = PBXFileReference; fileEncoding = 4; lastKnownFileType = sourcecode.c.h; path = FlexibleFrame.h; sourceTree = "<group>"; };
		388C747D1B3EE7830078AE32 /* FlexibleFrame.m */ = {isa = PBXFileReference; fileEncoding = 4; lastKnownFileType = sourcecode.c.objc; path = FlexibleFrame.m; sourceTree = "<group>"; };
		388C747E1B3EE7830078AE32 /* UIView+Flexible.h */ = {isa = PBXFileReference; fileEncoding = 4; lastKnownFileType = sourcecode.c.h; path = "UIView+Flexible.h"; sourceTree = "<group>"; };
		388C747F1B3EE7830078AE32 /* UIView+Flexible.m */ = {isa = PBXFileReference; fileEncoding = 4; lastKnownFileType = sourcecode.c.objc; path = "UIView+Flexible.m"; sourceTree = "<group>"; };
/* End PBXFileReference section */

/* Begin PBXFrameworksBuildPhase section */
		092AA76F1B3B918D00B88F23 /* Frameworks */ = {
			isa = PBXFrameworksBuildPhase;
			buildActionMask = 2147483647;
			files = (
				094E16631B4298DC00C05CB2 /* libSocialQQ.a in Frameworks */,
				094E16641B4298DC00C05CB2 /* TencentOpenAPI.framework in Frameworks */,
				094E16661B4298DC00C05CB2 /* libSocialWechat.a in Frameworks */,
				094E16591B4298DC00C05CB2 /* libUMSocial_Sdk_4.2.3.a in Frameworks */,
				094E16671B4298DD00C05CB2 /* libWeChatSDK.a in Frameworks */,
			);
			runOnlyForDeploymentPostprocessing = 0;
		};
		092AA7881B3B918D00B88F23 /* Frameworks */ = {
			isa = PBXFrameworksBuildPhase;
			buildActionMask = 2147483647;
			files = (
			);
			runOnlyForDeploymentPostprocessing = 0;
		};
/* End PBXFrameworksBuildPhase section */

/* Begin PBXGroup section */
		092AA7691B3B918D00B88F23 = {
			isa = PBXGroup;
			children = (
				092AA7741B3B918D00B88F23 /* Hi鲜果 */,
				092AA78E1B3B918D00B88F23 /* Hi鲜果Tests */,
				092AA7731B3B918D00B88F23 /* Products */,
			);
			sourceTree = "<group>";
		};
		092AA7731B3B918D00B88F23 /* Products */ = {
			isa = PBXGroup;
			children = (
				092AA7721B3B918D00B88F23 /* Hi鲜果.app */,
				092AA78B1B3B918D00B88F23 /* Hi鲜果Tests.xctest */,
			);
			name = Products;
			sourceTree = "<group>";
		};
		092AA7741B3B918D00B88F23 /* Hi鲜果 */ = {
			isa = PBXGroup;
			children = (
				097A81E61B3BA6B000D59370 /* Resoure */,
				097A0E5C1B414B4800E860B9 /* 第三方库 */,
				092AA7BF1B3B99D100B88F23 /* 项目主框架 */,
				388C747B1B3EE7830078AE32 /* 屏幕适配工具 */,
				09FFE2AA1B40F4C4007066C3 /* 单例 */,
				097A82071B3BD70600D59370 /* 公用自定义类 */,
				092AA7B51B3B999900B88F23 /* 首页 */,
				097A821F1B3BD70600D59370 /* 品类 */,
				097A0EDF1B42251900E860B9 /* 购物车 */,
				097A0EE91B42251900E860B9 /* 设置 */,
				097A0EF11B42251900E860B9 /* 我的果园 */,
				092AA7821B3B918D00B88F23 /* Images.xcassets */,
				092AA7841B3B918D00B88F23 /* LaunchScreen.xib */,
				092AA7751B3B918D00B88F23 /* Supporting Files */,
			);
			path = "Hi鲜果";
			sourceTree = "<group>";
		};
		092AA7751B3B918D00B88F23 /* Supporting Files */ = {
			isa = PBXGroup;
			children = (
				092AA7761B3B918D00B88F23 /* Info.plist */,
				092AA7771B3B918D00B88F23 /* main.m */,
			);
			name = "Supporting Files";
			sourceTree = "<group>";
		};
		092AA78E1B3B918D00B88F23 /* Hi鲜果Tests */ = {
			isa = PBXGroup;
			children = (
				092AA7911B3B918D00B88F23 /* Hi__Tests.m */,
				092AA78F1B3B918D00B88F23 /* Supporting Files */,
			);
			path = "Hi鲜果Tests";
			sourceTree = "<group>";
		};
		092AA78F1B3B918D00B88F23 /* Supporting Files */ = {
			isa = PBXGroup;
			children = (
				092AA7901B3B918D00B88F23 /* Info.plist */,
			);
			name = "Supporting Files";
			sourceTree = "<group>";
		};
		092AA7B51B3B999900B88F23 /* 首页 */ = {
			isa = PBXGroup;
			children = (
				097A81F91B3BD03000D59370 /* Controller */,
				097A81FB1B3BD03000D59370 /* View */,
				097A81FA1B3BD03000D59370 /* Model */,
			);
			path = "首页";
			sourceTree = "<group>";
		};
		092AA7BF1B3B99D100B88F23 /* 项目主框架 */ = {
			isa = PBXGroup;
			children = (
				092AA7C01B3B99D100B88F23 /* AppDelegate.h */,
				092AA7C11B3B99D100B88F23 /* AppDelegate.m */,
				092AA7C51B3B9BE500B88F23 /* BasicViewController.h */,
				092AA7C61B3B9BE500B88F23 /* BasicViewController.m */,
				097A82061B3BD4AB00D59370 /* PrefixHeader.pch */,
			);
			path = "项目主框架";
			sourceTree = "<group>";
		};
		094E16311B4298DC00C05CB2 /* UMSocial_Sdk_4.2.3 */ = {
			isa = PBXGroup;
			children = (
				094E16321B4298DC00C05CB2 /* UMSocialLocalizable.strings */,
				094E16341B4298DC00C05CB2 /* Header */,
				094E16401B4298DC00C05CB2 /* libUMSocial_Sdk_4.2.3.a */,
				094E16411B4298DC00C05CB2 /* SocialSDKXib */,
				094E164A1B4298DC00C05CB2 /* UMSocialSDKResourcesNew.bundle */,
			);
			path = UMSocial_Sdk_4.2.3;
			sourceTree = "<group>";
		};
		094E16341B4298DC00C05CB2 /* Header */ = {
			isa = PBXGroup;
			children = (
				094E16351B4298DC00C05CB2 /* UMSocial.h */,
				094E16361B4298DC00C05CB2 /* UMSocialAccountManager.h */,
				094E16371B4298DC00C05CB2 /* UMSocialBar.h */,
				094E16381B4298DC00C05CB2 /* UMSocialConfig.h */,
				094E16391B4298DC00C05CB2 /* UMSocialControllerService.h */,
				094E163A1B4298DC00C05CB2 /* UMSocialControllerServiceComment.h */,
				094E163B1B4298DC00C05CB2 /* UMSocialData.h */,
				094E163C1B4298DC00C05CB2 /* UMSocialDataService.h */,
				094E163D1B4298DC00C05CB2 /* UMSocialSnsData.h */,
				094E163E1B4298DC00C05CB2 /* UMSocialSnsPlatformManager.h */,
				094E163F1B4298DC00C05CB2 /* UMSocialSnsService.h */,
			);
			path = Header;
			sourceTree = "<group>";
		};
		094E16411B4298DC00C05CB2 /* SocialSDKXib */ = {
			isa = PBXGroup;
			children = (
				094E16421B4298DC00C05CB2 /* UMSCommentDetailController.xib */,
				094E16431B4298DC00C05CB2 /* UMSCommentInputController.xib */,
				094E16441B4298DC00C05CB2 /* UMSCommentInputControlleriPad.xib */,
				094E16451B4298DC00C05CB2 /* UMShareEditViewController.xib */,
				094E16461B4298DC00C05CB2 /* UMShareEditViewControlleriPad.xib */,
				094E16471B4298DC00C05CB2 /* UMSLoginViewController.xib */,
				094E16481B4298DC00C05CB2 /* UMSnsAccountViewController.xib */,
				094E16491B4298DC00C05CB2 /* UMSShareListController.xib */,
			);
			path = SocialSDKXib;
			sourceTree = "<group>";
		};
		094E164C1B4298DC00C05CB2 /* UMSocial_Sdk_Extra_Frameworks */ = {
			isa = PBXGroup;
			children = (
				094E164D1B4298DC00C05CB2 /* TencentOpenAPI */,
				094E16521B4298DC00C05CB2 /* Wechat */,
			);
			path = UMSocial_Sdk_Extra_Frameworks;
			sourceTree = "<group>";
		};
		094E164D1B4298DC00C05CB2 /* TencentOpenAPI */ = {
			isa = PBXGroup;
			children = (
				094E164E1B4298DC00C05CB2 /* libSocialQQ.a */,
				094E164F1B4298DC00C05CB2 /* TencentOpenAPI.framework */,
				094E16501B4298DC00C05CB2 /* TencentOpenApi_IOS_Bundle.bundle */,
				094E16511B4298DC00C05CB2 /* UMSocialQQHandler.h */,
			);
			path = TencentOpenAPI;
			sourceTree = "<group>";
		};
		094E16521B4298DC00C05CB2 /* Wechat */ = {
			isa = PBXGroup;
			children = (
				094E16531B4298DC00C05CB2 /* libSocialWechat.a */,
				094E16541B4298DC00C05CB2 /* libWeChatSDK.a */,
				094E16551B4298DC00C05CB2 /* UMSocialWechatHandler.h */,
				094E16561B4298DC00C05CB2 /* WXApi.h */,
				094E16571B4298DC00C05CB2 /* WXApiObject.h */,
			);
			path = Wechat;
			sourceTree = "<group>";
		};
		096DA87C1B3E4BDE00925F62 /* 免费试吃 */ = {
			isa = PBXGroup;
			children = (
				096DA8801B3E4E6C00925F62 /* Controller */,
				096DA8831B3E4E6C00925F62 /* Model */,
				096DA8841B3E4E6C00925F62 /* VIew */,
			);
			path = "免费试吃";
			sourceTree = "<group>";
		};
		096DA8801B3E4E6C00925F62 /* Controller */ = {
			isa = PBXGroup;
			children = (
				096DA8811B3E4E6C00925F62 /* EatForFreeController.h */,
				096DA8821B3E4E6C00925F62 /* EatForFreeController.m */,
			);
			path = Controller;
			sourceTree = "<group>";
		};
		096DA8831B3E4E6C00925F62 /* Model */ = {
			isa = PBXGroup;
			children = (
			);
			path = Model;
			sourceTree = "<group>";
		};
		096DA8841B3E4E6C00925F62 /* VIew */ = {
			isa = PBXGroup;
			children = (
				096DA8911B40194F00925F62 /* EatRules.h */,
				096DA8921B40194F00925F62 /* EatRules.m */,
				096DA8941B40366D00925F62 /* EatView.h */,
				096DA8951B40366D00925F62 /* EatView.m */,
			);
			path = VIew;
			sourceTree = "<group>";
		};
		097A0E5C1B414B4800E860B9 /* 第三方库 */ = {
			isa = PBXGroup;
			children = (
				094E16311B4298DC00C05CB2 /* UMSocial_Sdk_4.2.3 */,
				094E164C1B4298DC00C05CB2 /* UMSocial_Sdk_Extra_Frameworks */,
				097A0EA61B414B7600E860B9 /* SDWebImage */,
				097A0E5D1B414B5D00E860B9 /* AFNetworking */,
			);
			path = "第三方库";
			sourceTree = "<group>";
		};
		097A0E5D1B414B5D00E860B9 /* AFNetworking */ = {
			isa = PBXGroup;
			children = (
				097A0E5E1B414B5D00E860B9 /* AFHTTPRequestOperation.h */,
				097A0E5F1B414B5D00E860B9 /* AFHTTPRequestOperation.m */,
				097A0E601B414B5D00E860B9 /* AFHTTPRequestOperationManager.h */,
				097A0E611B414B5D00E860B9 /* AFHTTPRequestOperationManager.m */,
				097A0E621B414B5D00E860B9 /* AFHTTPSessionManager.h */,
				097A0E631B414B5D00E860B9 /* AFHTTPSessionManager.m */,
				097A0E641B414B5D00E860B9 /* AFNetworking.h */,
				097A0E651B414B5D00E860B9 /* AFNetworkReachabilityManager.h */,
				097A0E661B414B5D00E860B9 /* AFNetworkReachabilityManager.m */,
				097A0E671B414B5D00E860B9 /* AFSecurityPolicy.h */,
				097A0E681B414B5D00E860B9 /* AFSecurityPolicy.m */,
				097A0E691B414B5D00E860B9 /* AFURLConnectionOperation.h */,
				097A0E6A1B414B5D00E860B9 /* AFURLConnectionOperation.m */,
				097A0E6B1B414B5D00E860B9 /* AFURLRequestSerialization.h */,
				097A0E6C1B414B5D00E860B9 /* AFURLRequestSerialization.m */,
				097A0E6D1B414B5D00E860B9 /* AFURLResponseSerialization.h */,
				097A0E6E1B414B5D00E860B9 /* AFURLResponseSerialization.m */,
				097A0E6F1B414B5D00E860B9 /* AFURLSessionManager.h */,
				097A0E701B414B5D00E860B9 /* AFURLSessionManager.m */,
			);
			path = AFNetworking;
			sourceTree = "<group>";
		};
		097A0EA61B414B7600E860B9 /* SDWebImage */ = {
			isa = PBXGroup;
			children = (
				097A0EA71B414B7600E860B9 /* NSData+ImageContentType.h */,
				097A0EA81B414B7600E860B9 /* NSData+ImageContentType.m */,
				097A0EA91B414B7600E860B9 /* SDImageCache.h */,
				097A0EAA1B414B7600E860B9 /* SDImageCache.m */,
				097A0EAB1B414B7600E860B9 /* SDWebImageCompat.h */,
				097A0EAC1B414B7600E860B9 /* SDWebImageCompat.m */,
				097A0EAD1B414B7600E860B9 /* SDWebImageDecoder.h */,
				097A0EAE1B414B7600E860B9 /* SDWebImageDecoder.m */,
				097A0EAF1B414B7600E860B9 /* SDWebImageDownloader.h */,
				097A0EB01B414B7600E860B9 /* SDWebImageDownloader.m */,
				097A0EB11B414B7600E860B9 /* SDWebImageDownloaderOperation.h */,
				097A0EB21B414B7600E860B9 /* SDWebImageDownloaderOperation.m */,
				097A0EB31B414B7600E860B9 /* SDWebImageManager.h */,
				097A0EB41B414B7600E860B9 /* SDWebImageManager.m */,
				097A0EB51B414B7600E860B9 /* SDWebImageOperation.h */,
				097A0EB61B414B7600E860B9 /* SDWebImagePrefetcher.h */,
				097A0EB71B414B7600E860B9 /* SDWebImagePrefetcher.m */,
				097A0EB81B414B7600E860B9 /* UIButton+WebCache.h */,
				097A0EB91B414B7600E860B9 /* UIButton+WebCache.m */,
				097A0EBA1B414B7600E860B9 /* UIImage+GIF.h */,
				097A0EBB1B414B7600E860B9 /* UIImage+GIF.m */,
				097A0EBC1B414B7600E860B9 /* UIImage+MultiFormat.h */,
				097A0EBD1B414B7600E860B9 /* UIImage+MultiFormat.m */,
				097A0EBE1B414B7600E860B9 /* UIImageView+HighlightedWebCache.h */,
				097A0EBF1B414B7600E860B9 /* UIImageView+HighlightedWebCache.m */,
				097A0EC01B414B7600E860B9 /* UIImageView+WebCache.h */,
				097A0EC11B414B7600E860B9 /* UIImageView+WebCache.m */,
				097A0EC21B414B7600E860B9 /* UIView+WebCacheOperation.h */,
				097A0EC31B414B7600E860B9 /* UIView+WebCacheOperation.m */,
			);
			path = SDWebImage;
			sourceTree = "<group>";
		};
		097A0EDF1B42251900E860B9 /* 购物车 */ = {
			isa = PBXGroup;
			children = (
				097A0EE01B42251900E860B9 /* Controller */,
				097A0EE31B42251900E860B9 /* Model */,
				097A0EE61B42251900E860B9 /* VIew */,
			);
			path = "购物车";
			sourceTree = "<group>";
		};
		097A0EE01B42251900E860B9 /* Controller */ = {
			isa = PBXGroup;
			children = (
				097A0EE11B42251900E860B9 /* ShoppingCartController.h */,
				097A0EE21B42251900E860B9 /* ShoppingCartController.m */,
			);
			path = Controller;
			sourceTree = "<group>";
		};
		097A0EE31B42251900E860B9 /* Model */ = {
			isa = PBXGroup;
			children = (
				2456A2811B427C5000F49906 /* Fruit.h */,
				2456A2821B427C5000F49906 /* Fruit.m */,
			);
			path = Model;
			sourceTree = "<group>";
		};
		097A0EE61B42251900E860B9 /* VIew */ = {
			isa = PBXGroup;
			children = (
				097A0EE71B42251900E860B9 /* CartCell.h */,
				097A0EE81B42251900E860B9 /* CartCell.m */,
				2456A2861B4298CC00F49906 /* CartTableView.h */,
				2456A2871B4298CC00F49906 /* CartTableView.m */,
			);
			path = VIew;
			sourceTree = "<group>";
		};
		097A0EE91B42251900E860B9 /* 设置 */ = {
			isa = PBXGroup;
			children = (
				097A0EEA1B42251900E860B9 /* Controller */,
				097A0EEF1B42251900E860B9 /* Model */,
				097A0EF01B42251900E860B9 /* VIew */,
			);
			path = "设置";
			sourceTree = "<group>";
		};
		097A0EEA1B42251900E860B9 /* Controller */ = {
			isa = PBXGroup;
			children = (
				097A0EEB1B42251900E860B9 /* PersonalController.h */,
				097A0EEC1B42251900E860B9 /* PersonalController.m */,
				097A0EED1B42251900E860B9 /* SettingController.h */,
				097A0EEE1B42251900E860B9 /* SettingController.m */,
			);
			path = Controller;
			sourceTree = "<group>";
		};
		097A0EEF1B42251900E860B9 /* Model */ = {
			isa = PBXGroup;
			children = (
			);
			path = Model;
			sourceTree = "<group>";
		};
		097A0EF01B42251900E860B9 /* VIew */ = {
			isa = PBXGroup;
			children = (
			);
			path = VIew;
			sourceTree = "<group>";
		};
		097A0EF11B42251900E860B9 /* 我的果园 */ = {
			isa = PBXGroup;
			children = (
				097A0EF21B42251900E860B9 /* Controller */,
				097A0EF51B42251900E860B9 /* Model */,
				097A0EF61B42251900E860B9 /* VIew */,
			);
			path = "我的果园";
			sourceTree = "<group>";
		};
		097A0EF21B42251900E860B9 /* Controller */ = {
			isa = PBXGroup;
			children = (
				097A0EF31B42251900E860B9 /* LoginController.h */,
				097A0EF41B42251900E860B9 /* LoginController.m */,
				2456A2891B42AE9400F49906 /* RegisterController.h */,
				2456A28A1B42AE9400F49906 /* RegisterController.m */,
			);
			path = Controller;
			sourceTree = "<group>";
		};
		097A0EF51B42251900E860B9 /* Model */ = {
			isa = PBXGroup;
			children = (
			);
			path = Model;
			sourceTree = "<group>";
		};
		097A0EF61B42251900E860B9 /* VIew */ = {
			isa = PBXGroup;
			children = (
				097A0EF71B42251900E860B9 /* MyGardenCell.h */,
				097A0EF81B42251900E860B9 /* MyGardenCell.m */,
				097A0EF91B42251900E860B9 /* MyGardenView.h */,
				097A0EFA1B42251900E860B9 /* MyGardenView.m */,
			);
			path = VIew;
			sourceTree = "<group>";
		};
		097A81E61B3BA6B000D59370 /* Resoure */ = {
			isa = PBXGroup;
			children = (
				09FFE2A81B40ECD2007066C3 /* jiuzhuan.jpg */,
				388C746D1B3EE7490078AE32 /* bill_normal.png */,
				388C746E1B3EE7490078AE32 /* bill_normal@2x.png */,
				388C746F1B3EE7490078AE32 /* bkImage.jpg */,
				388C74701B3EE7490078AE32 /* logo_default.png */,
				388C74711B3EE7490078AE32 /* nav_clear_bk.png */,
				388C74721B3EE7490078AE32 /* user_button_normal.png */,
				388C74731B3EE7490078AE32 /* user_button_normal@2x.png */,
				096DA8561B3E327B00925F62 /* star_2.png */,
				096DA8571B3E327B00925F62 /* star_0.png */,
				096DA8581B3E327B00925F62 /* star_1.png */,
				097A81E71B3BA6B000D59370 /* search_menu.png */,
				096DA8781B3E4B8E00925F62 /* fruit_jia.png */,
				096DA8791B3E4B8E00925F62 /* fruit_jian.png */,
				097A82521B3C05AF00D59370 /* 1.jpg */,
				097A82531B3C05AF00D59370 /* 2.jpg */,
				097A82541B3C05AF00D59370 /* 3.jpg */,
				2456A2841B4292FD00F49906 /* placeholder.jpg */,
				094E16291B4272B600C05CB2 /* guowai.png */,
				094E162A1B4272B600C05CB2 /* guonei.png */,
				094E162F1B42731900C05CB2 /* quanbu.png */,
			);
			path = Resoure;
			sourceTree = "<group>";
		};
		097A81F91B3BD03000D59370 /* Controller */ = {
			isa = PBXGroup;
			children = (
				097A81FC1B3BD04A00D59370 /* HomePageController.h */,
				097A81FD1B3BD04A00D59370 /* HomePageController.m */,
			);
			path = Controller;
			sourceTree = "<group>";
		};
		097A81FA1B3BD03000D59370 /* Model */ = {
			isa = PBXGroup;
			children = (
			);
			path = Model;
			sourceTree = "<group>";
		};
		097A81FB1B3BD03000D59370 /* View */ = {
			isa = PBXGroup;
			children = (
				097A82431B3BE5D000D59370 /* HomePageTableView.h */,
				097A82441B3BE5D000D59370 /* HomePageTableView.m */,
				097A82491B3BFE0C00D59370 /* CarouselView.h */,
				097A824A1B3BFE0C00D59370 /* CarouselView.m */,
				097A82581B3CEAF500D59370 /* CarouselButton.h */,
				097A82591B3CEAF500D59370 /* CarouselButton.m */,
				097A82011B3BD15E00D59370 /* ButtonView.h */,
				097A82021B3BD15E00D59370 /* ButtonView.m */,
				097A82461B3BE92400D59370 /* HomePageCustomCell.h */,
				097A82471B3BE92400D59370 /* HomePageCustomCell.m */,
			);
			path = View;
			sourceTree = "<group>";
		};
		097A82071B3BD70600D59370 /* 公用自定义类 */ = {
			isa = PBXGroup;
			children = (
				388C74851B3EE96F0078AE32 /* Model */,
				097A0E5B1B414B0800E860B9 /* URLDefine.h */,
				097A82081B3BD70600D59370 /* SearchBox.h */,
				097A82091B3BD70600D59370 /* SearchBox.m */,
				096DA8861B3F9FA300925F62 /* FruitNameAndPrice.h */,
				096DA8871B3F9FA300925F62 /* FruitNameAndPrice.m */,
				096DA88E1B3FEFCA00925F62 /* CustomSeparator.h */,
				096DA88F1B3FEFCA00925F62 /* CustomSeparator.m */,
				09FFE2B41B40F50E007066C3 /* GlobalMethod.h */,
				09FFE2B51B40F50E007066C3 /* GlobalMethod.m */,
				09FFE2BA1B40F5A7007066C3 /* HoverButton.h */,
				09FFE2BB1B40F5A7007066C3 /* HoverButton.m */,
				096DA87C1B3E4BDE00925F62 /* 免费试吃 */,
				097A820A1B3BD70600D59370 /* 商品详情 */,
				097A82111B3BD70600D59370 /* 搜索界面 */,
			);
			path = "公用自定义类";
			sourceTree = "<group>";
		};
		097A820A1B3BD70600D59370 /* 商品详情 */ = {
			isa = PBXGroup;
			children = (
				097A820B1B3BD70600D59370 /* Controller */,
				097A820F1B3BD70600D59370 /* Model */,
				097A82101B3BD70600D59370 /* VIew */,
			);
			path = "商品详情";
			sourceTree = "<group>";
		};
		097A820B1B3BD70600D59370 /* Controller */ = {
			isa = PBXGroup;
			children = (
				097A820C1B3BD70600D59370 /* FruitDetailsController.h */,
				097A820D1B3BD70600D59370 /* FruitDetailsController.m */,
			);
			path = Controller;
			sourceTree = "<group>";
		};
		097A820F1B3BD70600D59370 /* Model */ = {
			isa = PBXGroup;
			children = (
			);
			path = Model;
			sourceTree = "<group>";
		};
		097A82101B3BD70600D59370 /* VIew */ = {
			isa = PBXGroup;
			children = (
				096F9C5C1B3D2798007CE994 /* FruitDetailsTableView.h */,
				096F9C5D1B3D2798007CE994 /* FruitDetailsTableView.m */,
				096F9C651B3D3658007CE994 /* FruitDetailsCustomCell.h */,
				096DA88C1B3FA6E700925F62 /* FruitDetailsCustomCell.m */,
				096F9C6B1B3D5627007CE994 /* FruitNumberPicker.h */,
				096F9C6C1B3D5627007CE994 /* FruitNumberPicker.m */,
				096F9C681B3D4D35007CE994 /* DetailsScrollView.h */,
				096F9C691B3D4D35007CE994 /* DetailsScrollView.m */,
				096DA8531B3E2E9600925F62 /* EvaluateView.h */,
				096DA8541B3E2E9600925F62 /* EvaluateView.m */,
				096F9C5F1B3D2CAB007CE994 /* ShopToolbar.h */,
				096F9C601B3D2CAB007CE994 /* ShopToolbar.m */,
			);
			path = VIew;
			sourceTree = "<group>";
		};
		097A82111B3BD70600D59370 /* 搜索界面 */ = {
			isa = PBXGroup;
			children = (
				097A82121B3BD70600D59370 /* Controller */,
				097A82161B3BD70600D59370 /* Model */,
				097A82171B3BD70600D59370 /* VIew */,
			);
			path = "搜索界面";
			sourceTree = "<group>";
		};
		097A82121B3BD70600D59370 /* Controller */ = {
			isa = PBXGroup;
			children = (
				097A82131B3BD70600D59370 /* SearchController.h */,
				097A82141B3BD70600D59370 /* SearchController.m */,
			);
			path = Controller;
			sourceTree = "<group>";
		};
		097A82161B3BD70600D59370 /* Model */ = {
			isa = PBXGroup;
			children = (
			);
			path = Model;
			sourceTree = "<group>";
		};
		097A82171B3BD70600D59370 /* VIew */ = {
			isa = PBXGroup;
			children = (
			);
			path = VIew;
			sourceTree = "<group>";
		};
		097A821F1B3BD70600D59370 /* 品类 */ = {
			isa = PBXGroup;
			children = (
				097A82201B3BD70600D59370 /* Controller */,
				097A82241B3BD70600D59370 /* Model */,
				097A82251B3BD70600D59370 /* VIew */,
			);
			path = "品类";
			sourceTree = "<group>";
		};
		097A82201B3BD70600D59370 /* Controller */ = {
			isa = PBXGroup;
			children = (
				097A82211B3BD70600D59370 /* CategoryController.h */,
				097A82221B3BD70600D59370 /* CategoryController.m */,
				09FFE2C01B41230B007066C3 /* CategoryDetailsController.h */,
				09FFE2C11B41230B007066C3 /* CategoryDetailsController.m */,
			);
			path = Controller;
			sourceTree = "<group>";
		};
		097A82241B3BD70600D59370 /* Model */ = {
			isa = PBXGroup;
			children = (
				097A0ED21B41502B00E860B9 /* CategoryModel.h */,
				097A0ED31B41502B00E860B9 /* CategoryModel.m */,
			);
			path = Model;
			sourceTree = "<group>";
		};
		097A82251B3BD70600D59370 /* VIew */ = {
			isa = PBXGroup;
			children = (
				09FFE2951B40CD1A007066C3 /* FruitCategoryTableView.h */,
				09FFE2961B40CD1A007066C3 /* FruitCategoryTableView.m */,
				09FFE2981B40DA81007066C3 /* FruitCategoryCell.h */,
				09FFE2991B40DA81007066C3 /* FruitCategoryCell.m */,
				09FFE2CD1B413450007066C3 /* CategoryDetailsTableView.h */,
				09FFE2CE1B413450007066C3 /* CategoryDetailsTableView.m */,
				09FFE2D01B413753007066C3 /* CategoryDetailsCell.h */,
				09FFE2D11B413753007066C3 /* CategoryDetailsCell.m */,
			);
			path = VIew;
			sourceTree = "<group>";
		};
		09FFE2AA1B40F4C4007066C3 /* 单例 */ = {
			isa = PBXGroup;
			children = (
				09FFE2AB1B40F4C4007066C3 /* Framework.h */,
				09FFE2AC1B40F4C4007066C3 /* Framework.m */,
				09FFE2AD1B40F4C4007066C3 /* GlobalControl.h */,
				09FFE2AE1B40F4C4007066C3 /* GlobalControl.m */,
				09FFE2B71B40F52A007066C3 /* User.h */,
				09FFE2B81B40F52A007066C3 /* User.m */,
				097A0ED51B415F8A00E860B9 /* Model.h */,
				097A0ED61B415F8A00E860B9 /* Model.m */,
			);
			path = "单例";
			sourceTree = "<group>";
		};
		388C747B1B3EE7830078AE32 /* 屏幕适配工具 */ = {
			isa = PBXGroup;
			children = (
				388C747C1B3EE7830078AE32 /* FlexibleFrame.h */,
				388C747D1B3EE7830078AE32 /* FlexibleFrame.m */,
				388C747E1B3EE7830078AE32 /* UIView+Flexible.h */,
				388C747F1B3EE7830078AE32 /* UIView+Flexible.m */,
			);
			path = "屏幕适配工具";
			sourceTree = "<group>";
		};
		388C74851B3EE96F0078AE32 /* Model */ = {
			isa = PBXGroup;
			children = (
			);
			path = Model;
			sourceTree = "<group>";
		};
/* End PBXGroup section */

/* Begin PBXNativeTarget section */
		092AA7711B3B918D00B88F23 /* Hi鲜果 */ = {
			isa = PBXNativeTarget;
			buildConfigurationList = 092AA7951B3B918D00B88F23 /* Build configuration list for PBXNativeTarget "Hi鲜果" */;
			buildPhases = (
				092AA76E1B3B918D00B88F23 /* Sources */,
				092AA76F1B3B918D00B88F23 /* Frameworks */,
				092AA7701B3B918D00B88F23 /* Resources */,
			);
			buildRules = (
			);
			dependencies = (
			);
			name = "Hi鲜果";
			productName = "Hi鲜果";
			productReference = 092AA7721B3B918D00B88F23 /* Hi鲜果.app */;
			productType = "com.apple.product-type.application";
		};
		092AA78A1B3B918D00B88F23 /* Hi鲜果Tests */ = {
			isa = PBXNativeTarget;
			buildConfigurationList = 092AA7981B3B918D00B88F23 /* Build configuration list for PBXNativeTarget "Hi鲜果Tests" */;
			buildPhases = (
				092AA7871B3B918D00B88F23 /* Sources */,
				092AA7881B3B918D00B88F23 /* Frameworks */,
				092AA7891B3B918D00B88F23 /* Resources */,
			);
			buildRules = (
			);
			dependencies = (
				092AA78D1B3B918D00B88F23 /* PBXTargetDependency */,
			);
			name = "Hi鲜果Tests";
			productName = "Hi鲜果Tests";
			productReference = 092AA78B1B3B918D00B88F23 /* Hi鲜果Tests.xctest */;
			productType = "com.apple.product-type.bundle.unit-test";
		};
/* End PBXNativeTarget section */

/* Begin PBXProject section */
		092AA76A1B3B918D00B88F23 /* Project object */ = {
			isa = PBXProject;
			attributes = {
				LastUpgradeCheck = 0630;
				ORGANIZATIONNAME = "Hi fruit";
				TargetAttributes = {
					092AA7711B3B918D00B88F23 = {
						CreatedOnToolsVersion = 6.3.1;
					};
					092AA78A1B3B918D00B88F23 = {
						CreatedOnToolsVersion = 6.3.1;
						TestTargetID = 092AA7711B3B918D00B88F23;
					};
				};
			};
			buildConfigurationList = 092AA76D1B3B918D00B88F23 /* Build configuration list for PBXProject "Hi鲜果" */;
			compatibilityVersion = "Xcode 3.2";
			developmentRegion = English;
			hasScannedForEncodings = 0;
			knownRegions = (
				en,
				Base,
				"zh-Hans",
			);
			mainGroup = 092AA7691B3B918D00B88F23;
			productRefGroup = 092AA7731B3B918D00B88F23 /* Products */;
			projectDirPath = "";
			projectRoot = "";
			targets = (
				092AA7711B3B918D00B88F23 /* Hi鲜果 */,
				092AA78A1B3B918D00B88F23 /* Hi鲜果Tests */,
			);
		};
/* End PBXProject section */

/* Begin PBXResourcesBuildPhase section */
		092AA7701B3B918D00B88F23 /* Resources */ = {
			isa = PBXResourcesBuildPhase;
			buildActionMask = 2147483647;
			files = (
				094E16651B4298DC00C05CB2 /* TencentOpenApi_IOS_Bundle.bundle in Resources */,
				094E165D1B4298DC00C05CB2 /* UMShareEditViewController.xib in Resources */,
				097A82551B3C05AF00D59370 /* 1.jpg in Resources */,
				094E165A1B4298DC00C05CB2 /* UMSCommentDetailController.xib in Resources */,
				096DA85B1B3E327B00925F62 /* star_1.png in Resources */,
				094E16581B4298DC00C05CB2 /* UMSocialLocalizable.strings in Resources */,
				388C74751B3EE7490078AE32 /* bill_normal@2x.png in Resources */,
				388C74791B3EE7490078AE32 /* user_button_normal.png in Resources */,
				092AA7861B3B918D00B88F23 /* LaunchScreen.xib in Resources */,
				094E16301B42731900C05CB2 /* quanbu.png in Resources */,
				094E165B1B4298DC00C05CB2 /* UMSCommentInputController.xib in Resources */,
				094E162C1B4272B600C05CB2 /* guowai.png in Resources */,
				094E16601B4298DC00C05CB2 /* UMSnsAccountViewController.xib in Resources */,
				094E162D1B4272B600C05CB2 /* guonei.png in Resources */,
				388C74781B3EE7490078AE32 /* nav_clear_bk.png in Resources */,
				388C747A1B3EE7490078AE32 /* user_button_normal@2x.png in Resources */,
				094E165F1B4298DC00C05CB2 /* UMSLoginViewController.xib in Resources */,
				096DA87A1B3E4B8E00925F62 /* fruit_jia.png in Resources */,
				388C74761B3EE7490078AE32 /* bkImage.jpg in Resources */,
				094E16621B4298DC00C05CB2 /* UMSocialSDKResourcesNew.bundle in Resources */,
				096DA85A1B3E327B00925F62 /* star_0.png in Resources */,
				094E16611B4298DC00C05CB2 /* UMSShareListController.xib in Resources */,
				388C74741B3EE7490078AE32 /* bill_normal.png in Resources */,
				388C74771B3EE7490078AE32 /* logo_default.png in Resources */,
				097A82571B3C05AF00D59370 /* 3.jpg in Resources */,
				2456A2851B4292FD00F49906 /* placeholder.jpg in Resources */,
				096DA87B1B3E4B8E00925F62 /* fruit_jian.png in Resources */,
				092AA7831B3B918D00B88F23 /* Images.xcassets in Resources */,
				096DA8591B3E327B00925F62 /* star_2.png in Resources */,
				094E165E1B4298DC00C05CB2 /* UMShareEditViewControlleriPad.xib in Resources */,
				09FFE2A91B40ECD2007066C3 /* jiuzhuan.jpg in Resources */,
				094E165C1B4298DC00C05CB2 /* UMSCommentInputControlleriPad.xib in Resources */,
				097A82561B3C05AF00D59370 /* 2.jpg in Resources */,
				097A81E81B3BA6B000D59370 /* search_menu.png in Resources */,
			);
			runOnlyForDeploymentPostprocessing = 0;
		};
		092AA7891B3B918D00B88F23 /* Resources */ = {
			isa = PBXResourcesBuildPhase;
			buildActionMask = 2147483647;
			files = (
			);
			runOnlyForDeploymentPostprocessing = 0;
		};
/* End PBXResourcesBuildPhase section */

/* Begin PBXSourcesBuildPhase section */
		092AA76E1B3B918D00B88F23 /* Sources */ = {
			isa = PBXSourcesBuildPhase;
			buildActionMask = 2147483647;
			files = (
				2456A2831B427C5000F49906 /* Fruit.m in Sources */,
				097A0E791B414B5D00E860B9 /* AFURLSessionManager.m in Sources */,
				097A0ED41B41502B00E860B9 /* CategoryModel.m in Sources */,
				092AA7781B3B918D00B88F23 /* main.m in Sources */,
				097A0EC91B414B7600E860B9 /* SDWebImageDownloaderOperation.m in Sources */,
				097A823B1B3BD70600D59370 /* CategoryController.m in Sources */,
				096F9C5E1B3D2798007CE994 /* FruitDetailsTableView.m in Sources */,
				096F9C611B3D2CAB007CE994 /* ShopToolbar.m in Sources */,
				097A81FF1B3BD04A00D59370 /* HomePageController.m in Sources */,
				388C74801B3EE7830078AE32 /* FlexibleFrame.m in Sources */,
				09FFE2B21B40F4C4007066C3 /* GlobalControl.m in Sources */,
				092AA7C21B3B99D100B88F23 /* AppDelegate.m in Sources */,
				09FFE2B61B40F50E007066C3 /* GlobalMethod.m in Sources */,
				096DA8931B40194F00925F62 /* EatRules.m in Sources */,
				09FFE2CF1B413450007066C3 /* CategoryDetailsTableView.m in Sources */,
				097A0E731B414B5D00E860B9 /* AFHTTPSessionManager.m in Sources */,
				097A825A1B3CEAF500D59370 /* CarouselButton.m in Sources */,
				2456A2881B4298CC00F49906 /* CartTableView.m in Sources */,
				097A0E781B414B5D00E860B9 /* AFURLResponseSerialization.m in Sources */,
				097A82481B3BE92400D59370 /* HomePageCustomCell.m in Sources */,
				097A0E761B414B5D00E860B9 /* AFURLConnectionOperation.m in Sources */,
				097A0E741B414B5D00E860B9 /* AFNetworkReachabilityManager.m in Sources */,
				097A0ECA1B414B7600E860B9 /* SDWebImageManager.m in Sources */,
				388C74811B3EE7830078AE32 /* UIView+Flexible.m in Sources */,
				097A824B1B3BFE0C00D59370 /* CarouselView.m in Sources */,
				097A0ECE1B414B7600E860B9 /* UIImage+MultiFormat.m in Sources */,
				097A0ECB1B414B7600E860B9 /* SDWebImagePrefetcher.m in Sources */,
				096DA8901B3FEFCA00925F62 /* CustomSeparator.m in Sources */,
				097A0F001B42251900E860B9 /* LoginController.m in Sources */,
				097A0ED11B414B7600E860B9 /* UIView+WebCacheOperation.m in Sources */,
				097A82351B3BD70600D59370 /* FruitDetailsController.m in Sources */,
				097A0E711B414B5D00E860B9 /* AFHTTPRequestOperation.m in Sources */,
				2456A28B1B42AE9400F49906 /* RegisterController.m in Sources */,
				09FFE2B11B40F4C4007066C3 /* Framework.m in Sources */,
				092AA7C71B3B9BE500B88F23 /* BasicViewController.m in Sources */,
				097A0EC71B414B7600E860B9 /* SDWebImageDecoder.m in Sources */,
				09FFE29A1B40DA81007066C3 /* FruitCategoryCell.m in Sources */,
				097A82031B3BD15E00D59370 /* ButtonView.m in Sources */,
				097A0EFE1B42251900E860B9 /* PersonalController.m in Sources */,
				097A0F011B42251900E860B9 /* MyGardenCell.m in Sources */,
				097A0E751B414B5D00E860B9 /* AFSecurityPolicy.m in Sources */,
				097A0EC61B414B7600E860B9 /* SDWebImageCompat.m in Sources */,
				097A0ECC1B414B7600E860B9 /* UIButton+WebCache.m in Sources */,
				097A0EFB1B42251900E860B9 /* ShoppingCartController.m in Sources */,
				097A82451B3BE5D000D59370 /* HomePageTableView.m in Sources */,
				096DA8881B3F9FA300925F62 /* FruitNameAndPrice.m in Sources */,
				09FFE2BC1B40F5A7007066C3 /* HoverButton.m in Sources */,
				097A0ED01B414B7600E860B9 /* UIImageView+WebCache.m in Sources */,
				096DA8851B3E4E6C00925F62 /* EatForFreeController.m in Sources */,
				097A0ED71B415F8A00E860B9 /* Model.m in Sources */,
				09FFE2C21B41230B007066C3 /* CategoryDetailsController.m in Sources */,
				097A0EFF1B42251900E860B9 /* SettingController.m in Sources */,
				097A0EC81B414B7600E860B9 /* SDWebImageDownloader.m in Sources */,
				09FFE2971B40CD1A007066C3 /* FruitCategoryTableView.m in Sources */,
				097A0EFD1B42251900E860B9 /* CartCell.m in Sources */,
				097A0EC51B414B7600E860B9 /* SDImageCache.m in Sources */,
				09FFE2D21B413753007066C3 /* CategoryDetailsCell.m in Sources */,
				096DA8551B3E2E9600925F62 /* EvaluateView.m in Sources */,
				097A0EC41B414B7600E860B9 /* NSData+ImageContentType.m in Sources */,
				097A0E771B414B5D00E860B9 /* AFURLRequestSerialization.m in Sources */,
				097A0ECD1B414B7600E860B9 /* UIImage+GIF.m in Sources */,
				097A0ECF1B414B7600E860B9 /* UIImageView+HighlightedWebCache.m in Sources */,
				096F9C6A1B3D4D35007CE994 /* DetailsScrollView.m in Sources */,
				096DA8961B40366D00925F62 /* EatView.m in Sources */,
				097A0E721B414B5D00E860B9 /* AFHTTPRequestOperationManager.m in Sources */,
				097A82341B3BD70600D59370 /* SearchBox.m in Sources */,
				09FFE2B91B40F52A007066C3 /* User.m in Sources */,
				096F9C6D1B3D5627007CE994 /* FruitNumberPicker.m in Sources */,
				097A0F021B42251900E860B9 /* MyGardenView.m in Sources */,
				096DA88D1B3FA6E700925F62 /* FruitDetailsCustomCell.m in Sources */,
				097A82371B3BD70600D59370 /* SearchController.m in Sources */,
			);
			runOnlyForDeploymentPostprocessing = 0;
		};
		092AA7871B3B918D00B88F23 /* Sources */ = {
			isa = PBXSourcesBuildPhase;
			buildActionMask = 2147483647;
			files = (
				092AA7921B3B918D00B88F23 /* Hi__Tests.m in Sources */,
			);
			runOnlyForDeploymentPostprocessing = 0;
		};
/* End PBXSourcesBuildPhase section */

/* Begin PBXTargetDependency section */
		092AA78D1B3B918D00B88F23 /* PBXTargetDependency */ = {
			isa = PBXTargetDependency;
			target = 092AA7711B3B918D00B88F23 /* Hi鲜果 */;
			targetProxy = 092AA78C1B3B918D00B88F23 /* PBXContainerItemProxy */;
		};
/* End PBXTargetDependency section */

/* Begin PBXVariantGroup section */
		092AA7841B3B918D00B88F23 /* LaunchScreen.xib */ = {
			isa = PBXVariantGroup;
			children = (
				092AA7851B3B918D00B88F23 /* Base */,
			);
			name = LaunchScreen.xib;
			sourceTree = "<group>";
		};
		094E16321B4298DC00C05CB2 /* UMSocialLocalizable.strings */ = {
			isa = PBXVariantGroup;
			children = (
				094E16331B4298DC00C05CB2 /* en */,
				094E164B1B4298DC00C05CB2 /* zh-Hans */,
			);
			name = UMSocialLocalizable.strings;
			sourceTree = "<group>";
		};
/* End PBXVariantGroup section */

/* Begin XCBuildConfiguration section */
		092AA7931B3B918D00B88F23 /* Debug */ = {
			isa = XCBuildConfiguration;
			buildSettings = {
				ALWAYS_SEARCH_USER_PATHS = NO;
				CLANG_CXX_LANGUAGE_STANDARD = "gnu++0x";
				CLANG_CXX_LIBRARY = "libc++";
				CLANG_ENABLE_MODULES = YES;
				CLANG_ENABLE_OBJC_ARC = YES;
				CLANG_WARN_BOOL_CONVERSION = YES;
				CLANG_WARN_CONSTANT_CONVERSION = YES;
				CLANG_WARN_DIRECT_OBJC_ISA_USAGE = YES_ERROR;
				CLANG_WARN_EMPTY_BODY = YES;
				CLANG_WARN_ENUM_CONVERSION = YES;
				CLANG_WARN_INT_CONVERSION = YES;
				CLANG_WARN_OBJC_ROOT_CLASS = YES_ERROR;
				CLANG_WARN_UNREACHABLE_CODE = YES;
				CLANG_WARN__DUPLICATE_METHOD_MATCH = YES;
				"CODE_SIGN_IDENTITY[sdk=iphoneos*]" = "iPhone Developer";
				COPY_PHASE_STRIP = NO;
				DEBUG_INFORMATION_FORMAT = "dwarf-with-dsym";
				ENABLE_STRICT_OBJC_MSGSEND = YES;
				GCC_C_LANGUAGE_STANDARD = gnu99;
				GCC_DYNAMIC_NO_PIC = NO;
				GCC_NO_COMMON_BLOCKS = YES;
				GCC_OPTIMIZATION_LEVEL = 0;
				GCC_PREPROCESSOR_DEFINITIONS = (
					"DEBUG=1",
					"$(inherited)",
				);
				GCC_SYMBOLS_PRIVATE_EXTERN = NO;
				GCC_WARN_64_TO_32_BIT_CONVERSION = YES;
				GCC_WARN_ABOUT_RETURN_TYPE = YES_ERROR;
				GCC_WARN_UNDECLARED_SELECTOR = YES;
				GCC_WARN_UNINITIALIZED_AUTOS = YES_AGGRESSIVE;
				GCC_WARN_UNUSED_FUNCTION = YES;
				GCC_WARN_UNUSED_VARIABLE = YES;
				IPHONEOS_DEPLOYMENT_TARGET = 8.3;
				MTL_ENABLE_DEBUG_INFO = YES;
				ONLY_ACTIVE_ARCH = YES;
				SDKROOT = iphoneos;
			};
			name = Debug;
		};
		092AA7941B3B918D00B88F23 /* Release */ = {
			isa = XCBuildConfiguration;
			buildSettings = {
				ALWAYS_SEARCH_USER_PATHS = NO;
				CLANG_CXX_LANGUAGE_STANDARD = "gnu++0x";
				CLANG_CXX_LIBRARY = "libc++";
				CLANG_ENABLE_MODULES = YES;
				CLANG_ENABLE_OBJC_ARC = YES;
				CLANG_WARN_BOOL_CONVERSION = YES;
				CLANG_WARN_CONSTANT_CONVERSION = YES;
				CLANG_WARN_DIRECT_OBJC_ISA_USAGE = YES_ERROR;
				CLANG_WARN_EMPTY_BODY = YES;
				CLANG_WARN_ENUM_CONVERSION = YES;
				CLANG_WARN_INT_CONVERSION = YES;
				CLANG_WARN_OBJC_ROOT_CLASS = YES_ERROR;
				CLANG_WARN_UNREACHABLE_CODE = YES;
				CLANG_WARN__DUPLICATE_METHOD_MATCH = YES;
				"CODE_SIGN_IDENTITY[sdk=iphoneos*]" = "iPhone Developer";
				COPY_PHASE_STRIP = NO;
				DEBUG_INFORMATION_FORMAT = "dwarf-with-dsym";
				ENABLE_NS_ASSERTIONS = NO;
				ENABLE_STRICT_OBJC_MSGSEND = YES;
				GCC_C_LANGUAGE_STANDARD = gnu99;
				GCC_NO_COMMON_BLOCKS = YES;
				GCC_WARN_64_TO_32_BIT_CONVERSION = YES;
				GCC_WARN_ABOUT_RETURN_TYPE = YES_ERROR;
				GCC_WARN_UNDECLARED_SELECTOR = YES;
				GCC_WARN_UNINITIALIZED_AUTOS = YES_AGGRESSIVE;
				GCC_WARN_UNUSED_FUNCTION = YES;
				GCC_WARN_UNUSED_VARIABLE = YES;
				IPHONEOS_DEPLOYMENT_TARGET = 8.3;
				MTL_ENABLE_DEBUG_INFO = NO;
				SDKROOT = iphoneos;
				VALIDATE_PRODUCT = YES;
			};
			name = Release;
		};
		092AA7961B3B918D00B88F23 /* Debug */ = {
			isa = XCBuildConfiguration;
			buildSettings = {
				ASSETCATALOG_COMPILER_APPICON_NAME = AppIcon;
				FRAMEWORK_SEARCH_PATHS = (
					"$(inherited)",
					"$(PROJECT_DIR)/Hi鲜果/第三方库/UMSocial_Sdk_Extra_Frameworks/TencentOpenAPI",
				);
				GCC_PRECOMPILE_PREFIX_HEADER = YES;
				GCC_PREFIX_HEADER = "$(SRCROOT)/Hi鲜果/项目主框架/PrefixHeader.pch";
				INFOPLIST_FILE = "Hi鲜果/Info.plist";
				LD_RUNPATH_SEARCH_PATHS = "$(inherited) @executable_path/Frameworks";
				LIBRARY_SEARCH_PATHS = (
					"$(inherited)",
					"$(PROJECT_DIR)/Hi鲜果/第三方库/UMSocial_Sdk_4.2.3",
					"$(PROJECT_DIR)/Hi鲜果/第三方库/UMSocial_Sdk_Extra_Frameworks/TencentOpenAPI",
					"$(PROJECT_DIR)/Hi鲜果/第三方库/UMSocial_Sdk_Extra_Frameworks/Wechat",
				);
				PRODUCT_NAME = "$(TARGET_NAME)";
			};
			name = Debug;
		};
		092AA7971B3B918D00B88F23 /* Release */ = {
			isa = XCBuildConfiguration;
			buildSettings = {
				ASSETCATALOG_COMPILER_APPICON_NAME = AppIcon;
				FRAMEWORK_SEARCH_PATHS = (
					"$(inherited)",
					"$(PROJECT_DIR)/Hi鲜果/第三方库/UMSocial_Sdk_Extra_Frameworks/TencentOpenAPI",
				);
				GCC_PRECOMPILE_PREFIX_HEADER = YES;
				GCC_PREFIX_HEADER = "$(SRCROOT)/Hi鲜果/项目主框架/PrefixHeader.pch";
				INFOPLIST_FILE = "Hi鲜果/Info.plist";
				LD_RUNPATH_SEARCH_PATHS = "$(inherited) @executable_path/Frameworks";
				LIBRARY_SEARCH_PATHS = (
					"$(inherited)",
					"$(PROJECT_DIR)/Hi鲜果/第三方库/UMSocial_Sdk_4.2.3",
					"$(PROJECT_DIR)/Hi鲜果/第三方库/UMSocial_Sdk_Extra_Frameworks/TencentOpenAPI",
					"$(PROJECT_DIR)/Hi鲜果/第三方库/UMSocial_Sdk_Extra_Frameworks/Wechat",
				);
				PRODUCT_NAME = "$(TARGET_NAME)";
			};
			name = Release;
		};
		092AA7991B3B918D00B88F23 /* Debug */ = {
			isa = XCBuildConfiguration;
			buildSettings = {
				BUNDLE_LOADER = "$(TEST_HOST)";
				FRAMEWORK_SEARCH_PATHS = (
					"$(SDKROOT)/Developer/Library/Frameworks",
					"$(inherited)",
				);
				GCC_PREPROCESSOR_DEFINITIONS = (
					"DEBUG=1",
					"$(inherited)",
				);
				INFOPLIST_FILE = "Hi鲜果Tests/Info.plist";
				LD_RUNPATH_SEARCH_PATHS = "$(inherited) @executable_path/Frameworks @loader_path/Frameworks";
				PRODUCT_NAME = "$(TARGET_NAME)";
				TEST_HOST = "$(BUILT_PRODUCTS_DIR)/Hi鲜果.app/Hi鲜果";
			};
			name = Debug;
		};
		092AA79A1B3B918D00B88F23 /* Release */ = {
			isa = XCBuildConfiguration;
			buildSettings = {
				BUNDLE_LOADER = "$(TEST_HOST)";
				FRAMEWORK_SEARCH_PATHS = (
					"$(SDKROOT)/Developer/Library/Frameworks",
					"$(inherited)",
				);
				INFOPLIST_FILE = "Hi鲜果Tests/Info.plist";
				LD_RUNPATH_SEARCH_PATHS = "$(inherited) @executable_path/Frameworks @loader_path/Frameworks";
				PRODUCT_NAME = "$(TARGET_NAME)";
				TEST_HOST = "$(BUILT_PRODUCTS_DIR)/Hi鲜果.app/Hi鲜果";
			};
			name = Release;
		};
/* End XCBuildConfiguration section */

/* Begin XCConfigurationList section */
		092AA76D1B3B918D00B88F23 /* Build configuration list for PBXProject "Hi鲜果" */ = {
			isa = XCConfigurationList;
			buildConfigurations = (
				092AA7931B3B918D00B88F23 /* Debug */,
				092AA7941B3B918D00B88F23 /* Release */,
			);
			defaultConfigurationIsVisible = 0;
			defaultConfigurationName = Release;
		};
		092AA7951B3B918D00B88F23 /* Build configuration list for PBXNativeTarget "Hi鲜果" */ = {
			isa = XCConfigurationList;
			buildConfigurations = (
				092AA7961B3B918D00B88F23 /* Debug */,
				092AA7971B3B918D00B88F23 /* Release */,
			);
			defaultConfigurationIsVisible = 0;
			defaultConfigurationName = Release;
		};
		092AA7981B3B918D00B88F23 /* Build configuration list for PBXNativeTarget "Hi鲜果Tests" */ = {
			isa = XCConfigurationList;
			buildConfigurations = (
				092AA7991B3B918D00B88F23 /* Debug */,
				092AA79A1B3B918D00B88F23 /* Release */,
			);
			defaultConfigurationIsVisible = 0;
			defaultConfigurationName = Release;
		};
/* End XCConfigurationList section */
	};
	rootObject = 092AA76A1B3B918D00B88F23 /* Project object */;
}
